// !$*UTF8*$!
{
	archiveVersion = 1;
	classes = {
	};
	objectVersion = 55;
	objects = {

/* Begin PBXBuildFile section */
		41593BAD7BFED7EA8F36415E /* Pods_RxSwiftApp.framework in Frameworks */ = {isa = PBXBuildFile; fileRef = A84C69C39144485076A5FA5E /* Pods_RxSwiftApp.framework */; };
		BCB8C89409E3DEE325D0A6F3 /* Pods_RxSwiftApp_RxSwiftAppUITests.framework in Frameworks */ = {isa = PBXBuildFile; fileRef = C8ABD492A321A6FA9D664545 /* Pods_RxSwiftApp_RxSwiftAppUITests.framework */; };
		E5D8074C7DA9572BB51E33E1 /* Pods_RxSwiftAppTests.framework in Frameworks */ = {isa = PBXBuildFile; fileRef = D73EF62225BCD64B00CCF115 /* Pods_RxSwiftAppTests.framework */; };
		EF0589A8290C6E840076E3F4 /* TaskSegment.swift in Sources */ = {isa = PBXBuildFile; fileRef = EF0589A7290C6E840076E3F4 /* TaskSegment.swift */; };
		EF0589AA290C70910076E3F4 /* TaskView.swift in Sources */ = {isa = PBXBuildFile; fileRef = EF0589A9290C70910076E3F4 /* TaskView.swift */; };
		EF0589AC290C8D710076E3F4 /* TaskModel.swift in Sources */ = {isa = PBXBuildFile; fileRef = EF0589AB290C8D710076E3F4 /* TaskModel.swift */; };
		EF0589AE290CF41B0076E3F4 /* AddTaskManager.swift in Sources */ = {isa = PBXBuildFile; fileRef = EF0589AD290CF41B0076E3F4 /* AddTaskManager.swift */; };
		EF4756D8290EE3C400A1BC09 /* TableRow.swift in Sources */ = {isa = PBXBuildFile; fileRef = EF4756D0290EE3C400A1BC09 /* TableRow.swift */; };
		EF4756D9290EE3C400A1BC09 /* Configurable.swift in Sources */ = {isa = PBXBuildFile; fileRef = EF4756D1290EE3C400A1BC09 /* Configurable.swift */; };
		EF4756DB290EE3C400A1BC09 /* CustomCollectionTableCell.swift in Sources */ = {isa = PBXBuildFile; fileRef = EF4756D4290EE3C400A1BC09 /* CustomCollectionTableCell.swift */; };
		EF4756DC290EE3C400A1BC09 /* CustomTableCell.swift in Sources */ = {isa = PBXBuildFile; fileRef = EF4756D5290EE3C400A1BC09 /* CustomTableCell.swift */; };
		EF4756DE290EE57000A1BC09 /* TableViewFunction.swift in Sources */ = {isa = PBXBuildFile; fileRef = EF4756DD290EE57000A1BC09 /* TableViewFunction.swift */; };
		EF7CBED0290F058400F9D611 /* TableSection.swift in Sources */ = {isa = PBXBuildFile; fileRef = EF7CBECF290F058400F9D611 /* TableSection.swift */; };
		EF884AAB2903B5730053370F /* AppDelegate.swift in Sources */ = {isa = PBXBuildFile; fileRef = EF884AAA2903B5730053370F /* AppDelegate.swift */; };
		EF884AAD2903B5730053370F /* SceneDelegate.swift in Sources */ = {isa = PBXBuildFile; fileRef = EF884AAC2903B5730053370F /* SceneDelegate.swift */; };
		EF884AAF2903B5730053370F /* ViewController.swift in Sources */ = {isa = PBXBuildFile; fileRef = EF884AAE2903B5730053370F /* ViewController.swift */; };
		EF884AB42903B5740053370F /* Assets.xcassets in Resources */ = {isa = PBXBuildFile; fileRef = EF884AB32903B5740053370F /* Assets.xcassets */; };
		EF884AB72903B5740053370F /* LaunchScreen.storyboard in Resources */ = {isa = PBXBuildFile; fileRef = EF884AB52903B5740053370F /* LaunchScreen.storyboard */; };
		EF884AC22903B5740053370F /* RxSwiftAppTests.swift in Sources */ = {isa = PBXBuildFile; fileRef = EF884AC12903B5740053370F /* RxSwiftAppTests.swift */; };
		EF884ACC2903B5740053370F /* RxSwiftAppUITests.swift in Sources */ = {isa = PBXBuildFile; fileRef = EF884ACB2903B5740053370F /* RxSwiftAppUITests.swift */; };
		EF884ACE2903B5740053370F /* RxSwiftAppUITestsLaunchTests.swift in Sources */ = {isa = PBXBuildFile; fileRef = EF884ACD2903B5740053370F /* RxSwiftAppUITestsLaunchTests.swift */; };
		EF884ADF2903B6150053370F /* MainTabBar.swift in Sources */ = {isa = PBXBuildFile; fileRef = EF884ADD2903B6150053370F /* MainTabBar.swift */; };
		EF884AE02903B6150053370F /* MainTabViewControlller.swift in Sources */ = {isa = PBXBuildFile; fileRef = EF884ADE2903B6150053370F /* MainTabViewControlller.swift */; };
		EF9F7023290E542100FAF5ED /* WeatherViewController.swift in Sources */ = {isa = PBXBuildFile; fileRef = EF9F7022290E542100FAF5ED /* WeatherViewController.swift */; };
		EF9F7026290E5DF500FAF5ED /* WeatherAPI.swift in Sources */ = {isa = PBXBuildFile; fileRef = EF9F7025290E5DF500FAF5ED /* WeatherAPI.swift */; };
		EF9F7028290E5EB600FAF5ED /* Endpoint.swift in Sources */ = {isa = PBXBuildFile; fileRef = EF9F7027290E5EB600FAF5ED /* Endpoint.swift */; };
		EF9F702A290E5F8B00FAF5ED /* WeatherModel.swift in Sources */ = {isa = PBXBuildFile; fileRef = EF9F7029290E5F8B00FAF5ED /* WeatherModel.swift */; };
		EF9F7050290EC4A700FAF5ED /* RxDataSourceExample.swift in Sources */ = {isa = PBXBuildFile; fileRef = EF9F704F290EC4A700FAF5ED /* RxDataSourceExample.swift */; };
		EFC99B1C290679680011632A /* DataBindable.swift in Sources */ = {isa = PBXBuildFile; fileRef = EFC99A8B290679680011632A /* DataBindable.swift */; };
		EFC99B1D290679680011632A /* Cache.swift in Sources */ = {isa = PBXBuildFile; fileRef = EFC99A8C290679680011632A /* Cache.swift */; };
		EFC99B1E290679680011632A /* SearchViewController.swift in Sources */ = {isa = PBXBuildFile; fileRef = EFC99A8F290679680011632A /* SearchViewController.swift */; };
		EFC99B1F290679680011632A /* SearchBar.swift in Sources */ = {isa = PBXBuildFile; fileRef = EFC99A90290679680011632A /* SearchBar.swift */; };
		EFC99B20290679680011632A /* SentimentTextLabel.swift in Sources */ = {isa = PBXBuildFile; fileRef = EFC99A92290679680011632A /* SentimentTextLabel.swift */; };
		EFC99B21290679680011632A /* GenericButtonWrapper.swift in Sources */ = {isa = PBXBuildFile; fileRef = EFC99A93290679680011632A /* GenericButtonWrapper.swift */; };
		EFC99B22290679680011632A /* ImageHeaderSubHeaderView.swift in Sources */ = {isa = PBXBuildFile; fileRef = EFC99A95290679680011632A /* ImageHeaderSubHeaderView.swift */; };
		EFC99B23290679680011632A /* SymbolImage.swift in Sources */ = {isa = PBXBuildFile; fileRef = EFC99A96290679680011632A /* SymbolImage.swift */; };
		EFC99B25290679680011632A /* MultipleStrokeProgressBar.swift in Sources */ = {isa = PBXBuildFile; fileRef = EFC99A99290679680011632A /* MultipleStrokeProgressBar.swift */; };
		EFC99B26290679680011632A /* CircularProgressBar.swift in Sources */ = {isa = PBXBuildFile; fileRef = EFC99A9A290679680011632A /* CircularProgressBar.swift */; };
		EFC99B27290679680011632A /* SphericalProgressBars.swift in Sources */ = {isa = PBXBuildFile; fileRef = EFC99A9B290679680011632A /* SphericalProgressBars.swift */; };
		EFC99B28290679680011632A /* MutlipleStrokeCircularProgressBar.swift in Sources */ = {isa = PBXBuildFile; fileRef = EFC99A9C290679680011632A /* MutlipleStrokeCircularProgressBar.swift */; };
		EFC99B29290679680011632A /* ProgressBars.swift in Sources */ = {isa = PBXBuildFile; fileRef = EFC99A9D290679680011632A /* ProgressBars.swift */; };
		EFC99B2A290679680011632A /* QRCodeBuilder.swift in Sources */ = {isa = PBXBuildFile; fileRef = EFC99AA0290679680011632A /* QRCodeBuilder.swift */; };
		EFC99B2B290679680011632A /* CollectionDataSource.swift in Sources */ = {isa = PBXBuildFile; fileRef = EFC99AA2290679680011632A /* CollectionDataSource.swift */; };
		EFC99B2C290679680011632A /* CollectionSection.swift in Sources */ = {isa = PBXBuildFile; fileRef = EFC99AA3290679680011632A /* CollectionSection.swift */; };
		EFC99B2D290679680011632A /* CollectionViewFunctions.swift in Sources */ = {isa = PBXBuildFile; fileRef = EFC99AA4290679680011632A /* CollectionViewFunctions.swift */; };
		EFC99B2E290679680011632A /* CustomCollectionCell.swift in Sources */ = {isa = PBXBuildFile; fileRef = EFC99AA6290679680011632A /* CustomCollectionCell.swift */; };
		EFC99B2F290679680011632A /* CollectionColumn.swift in Sources */ = {isa = PBXBuildFile; fileRef = EFC99AA7290679680011632A /* CollectionColumn.swift */; };
		EFC99B30290679680011632A /* Response.swift in Sources */ = {isa = PBXBuildFile; fileRef = EFC99AA9290679680011632A /* Response.swift */; };
		EFC99B31290679680011632A /* NetworkReqeust.swift in Sources */ = {isa = PBXBuildFile; fileRef = EFC99AAA290679680011632A /* NetworkReqeust.swift */; };
		EFC99B32290679680011632A /* Animation.swift in Sources */ = {isa = PBXBuildFile; fileRef = EFC99AAC290679680011632A /* Animation.swift */; };
		EFC99B3A290679680011632A /* ActiveBoosterCard.swift in Sources */ = {isa = PBXBuildFile; fileRef = EFC99AB7290679680011632A /* ActiveBoosterCard.swift */; };
		EFC99B3B290679680011632A /* CircularProgressShape.swift in Sources */ = {isa = PBXBuildFile; fileRef = EFC99AB8290679680011632A /* CircularProgressShape.swift */; };
		EFC99B3C290679680011632A /* circlingBall.swift in Sources */ = {isa = PBXBuildFile; fileRef = EFC99AB9290679680011632A /* circlingBall.swift */; };
		EFC99B3D290679680011632A /* CuratedBackgroundShape.swift in Sources */ = {isa = PBXBuildFile; fileRef = EFC99ABA290679680011632A /* CuratedBackgroundShape.swift */; };
		EFC99B3E290679680011632A /* UIWindow.swift in Sources */ = {isa = PBXBuildFile; fileRef = EFC99ABC290679680011632A /* UIWindow.swift */; };
		EFC99B3F290679680011632A /* UIView.swift in Sources */ = {isa = PBXBuildFile; fileRef = EFC99ABE290679680011632A /* UIView.swift */; };
		EFC99B40290679680011632A /* UIStackView.swift in Sources */ = {isa = PBXBuildFile; fileRef = EFC99ABF290679680011632A /* UIStackView.swift */; };
		EFC99B41290679680011632A /* UITableView.swift in Sources */ = {isa = PBXBuildFile; fileRef = EFC99AC0290679680011632A /* UITableView.swift */; };
		EFC99B42290679680011632A /* ViewHeirachy.swift in Sources */ = {isa = PBXBuildFile; fileRef = EFC99AC1290679680011632A /* ViewHeirachy.swift */; };
		EFC99B43290679680011632A /* ViewStyling.swift in Sources */ = {isa = PBXBuildFile; fileRef = EFC99AC2290679680011632A /* ViewStyling.swift */; };
		EFC99B44290679680011632A /* UIViewController.swift in Sources */ = {isa = PBXBuildFile; fileRef = EFC99AC3290679680011632A /* UIViewController.swift */; };
		EFC99B45290679680011632A /* UIImageView.swift in Sources */ = {isa = PBXBuildFile; fileRef = EFC99AC4290679680011632A /* UIImageView.swift */; };
		EFC99B46290679680011632A /* Views.swift in Sources */ = {isa = PBXBuildFile; fileRef = EFC99AC5290679680011632A /* Views.swift */; };
		EFC99B47290679680011632A /* UILabel.swift in Sources */ = {isa = PBXBuildFile; fileRef = EFC99AC6290679680011632A /* UILabel.swift */; };
		EFC99B48290679680011632A /* CustomFonts.swift in Sources */ = {isa = PBXBuildFile; fileRef = EFC99AC8290679680011632A /* CustomFonts.swift */; };
		EFC99B49290679680011632A /* String.swift in Sources */ = {isa = PBXBuildFile; fileRef = EFC99AC9290679680011632A /* String.swift */; };
		EFC99B4A290679680011632A /* RenderableText.swift in Sources */ = {isa = PBXBuildFile; fileRef = EFC99ACA290679680011632A /* RenderableText.swift */; };
		EFC99B4B290679680011632A /* CGSize.swift in Sources */ = {isa = PBXBuildFile; fileRef = EFC99ACC290679680011632A /* CGSize.swift */; };
		EFC99B4C290679680011632A /* Int.swift in Sources */ = {isa = PBXBuildFile; fileRef = EFC99ACD290679680011632A /* Int.swift */; };
		EFC99B4D290679680011632A /* CGPoint.swift in Sources */ = {isa = PBXBuildFile; fileRef = EFC99ACE290679680011632A /* CGPoint.swift */; };
		EFC99B4E290679680011632A /* Numeric.swift in Sources */ = {isa = PBXBuildFile; fileRef = EFC99ACF290679680011632A /* Numeric.swift */; };
		EFC99B4F290679680011632A /* CGFloat.swift in Sources */ = {isa = PBXBuildFile; fileRef = EFC99AD0290679680011632A /* CGFloat.swift */; };
		EFC99B50290679680011632A /* UIEdgeInsets.swift in Sources */ = {isa = PBXBuildFile; fileRef = EFC99AD1290679680011632A /* UIEdgeInsets.swift */; };
		EFC99B6A290679680011632A /* Helpers.swift in Sources */ = {isa = PBXBuildFile; fileRef = EFC99AFF290679680011632A /* Helpers.swift */; };
		EFC99B6B290679680011632A /* SystemCatalogue.swift in Sources */ = {isa = PBXBuildFile; fileRef = EFC99B00290679680011632A /* SystemCatalogue.swift */; };
		EFC99B6C290679680011632A /* ColorBuilder.swift in Sources */ = {isa = PBXBuildFile; fileRef = EFC99B02290679680011632A /* ColorBuilder.swift */; };
		EFC99B6D290679680011632A /* Satoshi-Bold.otf in Resources */ = {isa = PBXBuildFile; fileRef = EFC99B04290679680011632A /* Satoshi-Bold.otf */; };
		EFC99B6E290679680011632A /* Satoshi-Italic.otf in Resources */ = {isa = PBXBuildFile; fileRef = EFC99B05290679680011632A /* Satoshi-Italic.otf */; };
		EFC99B6F290679680011632A /* PPCirka-Bold.otf in Resources */ = {isa = PBXBuildFile; fileRef = EFC99B06290679680011632A /* PPCirka-Bold.otf */; };
		EFC99B70290679680011632A /* PPCirka-Variable.ttf in Resources */ = {isa = PBXBuildFile; fileRef = EFC99B07290679680011632A /* PPCirka-Variable.ttf */; };
		EFC99B71290679680011632A /* Satoshi-Black.otf in Resources */ = {isa = PBXBuildFile; fileRef = EFC99B08290679680011632A /* Satoshi-Black.otf */; };
		EFC99B72290679680011632A /* Satoshi-Regular.otf in Resources */ = {isa = PBXBuildFile; fileRef = EFC99B09290679680011632A /* Satoshi-Regular.otf */; };
		EFC99B73290679680011632A /* Gilroy-Bold.ttf in Resources */ = {isa = PBXBuildFile; fileRef = EFC99B0A290679680011632A /* Gilroy-Bold.ttf */; };
		EFC99B74290679680011632A /* Satoshi-BoldItalic.otf in Resources */ = {isa = PBXBuildFile; fileRef = EFC99B0B290679680011632A /* Satoshi-BoldItalic.otf */; };
		EFC99B75290679680011632A /* Satoshi-Light.otf in Resources */ = {isa = PBXBuildFile; fileRef = EFC99B0C290679680011632A /* Satoshi-Light.otf */; };
		EFC99B76290679680011632A /* Satoshi-LightItalic.otf in Resources */ = {isa = PBXBuildFile; fileRef = EFC99B0D290679680011632A /* Satoshi-LightItalic.otf */; };
		EFC99B77290679680011632A /* PPCirka-Light.otf in Resources */ = {isa = PBXBuildFile; fileRef = EFC99B0E290679680011632A /* PPCirka-Light.otf */; };
		EFC99B78290679680011632A /* Satoshi-BlackItalic.otf in Resources */ = {isa = PBXBuildFile; fileRef = EFC99B0F290679680011632A /* Satoshi-BlackItalic.otf */; };
		EFC99B79290679680011632A /* Satoshi-MediumItalic.otf in Resources */ = {isa = PBXBuildFile; fileRef = EFC99B10290679680011632A /* Satoshi-MediumItalic.otf */; };
		EFC99B7A290679680011632A /* Satoshi-Medium.otf in Resources */ = {isa = PBXBuildFile; fileRef = EFC99B11290679680011632A /* Satoshi-Medium.otf */; };
		EFC99B7B290679680011632A /* Gilroy-Light.otf in Resources */ = {isa = PBXBuildFile; fileRef = EFC99B12290679680011632A /* Gilroy-Light.otf */; };
		EFC99B7C290679680011632A /* Gilroy-ExtraBold.otf in Resources */ = {isa = PBXBuildFile; fileRef = EFC99B13290679680011632A /* Gilroy-ExtraBold.otf */; };
		EFC99B7D290679680011632A /* Satoshi-Variable.ttf in Resources */ = {isa = PBXBuildFile; fileRef = EFC99B14290679680011632A /* Satoshi-Variable.ttf */; };
		EFC99B86290679B00011632A /* PresentationViewController.swift in Sources */ = {isa = PBXBuildFile; fileRef = EFC99B85290679B00011632A /* PresentationViewController.swift */; };
		EFC99B89290685B20011632A /* PhotoFilterSelector.swift in Sources */ = {isa = PBXBuildFile; fileRef = EFC99B88290685B20011632A /* PhotoFilterSelector.swift */; };
		EFC99B8B29068A630011632A /* PhotoPicker.swift in Sources */ = {isa = PBXBuildFile; fileRef = EFC99B8A29068A630011632A /* PhotoPicker.swift */; };
		EFE6834829094E4000E86E27 /* NewsModel.swift in Sources */ = {isa = PBXBuildFile; fileRef = EFE6834729094E4000E86E27 /* NewsModel.swift */; };
		EFE6834B29094F3E00E86E27 /* NewsAPI.swift in Sources */ = {isa = PBXBuildFile; fileRef = EFE6834A29094F3E00E86E27 /* NewsAPI.swift */; };
		EFE6834D290951A100E86E27 /* NetworkLayer.swift in Sources */ = {isa = PBXBuildFile; fileRef = EFE6834C290951A100E86E27 /* NetworkLayer.swift */; };
		EFE683502909573F00E86E27 /* NewsViewController.swift in Sources */ = {isa = PBXBuildFile; fileRef = EFE6834F2909573F00E86E27 /* NewsViewController.swift */; };
		EFE68352290957BF00E86E27 /* NewsCell.swift in Sources */ = {isa = PBXBuildFile; fileRef = EFE68351290957BF00E86E27 /* NewsCell.swift */; };
		EFE683562909B97800E86E27 /* UIImageNetworkLayer.swift in Sources */ = {isa = PBXBuildFile; fileRef = EFE683552909B97800E86E27 /* UIImageNetworkLayer.swift */; };
/* End PBXBuildFile section */

/* Begin PBXContainerItemProxy section */
		EF884ABE2903B5740053370F /* PBXContainerItemProxy */ = {
			isa = PBXContainerItemProxy;
			containerPortal = EF884A9F2903B5730053370F /* Project object */;
			proxyType = 1;
			remoteGlobalIDString = EF884AA62903B5730053370F;
			remoteInfo = RxSwiftApp;
		};
		EF884AC82903B5740053370F /* PBXContainerItemProxy */ = {
			isa = PBXContainerItemProxy;
			containerPortal = EF884A9F2903B5730053370F /* Project object */;
			proxyType = 1;
			remoteGlobalIDString = EF884AA62903B5730053370F;
			remoteInfo = RxSwiftApp;
		};
/* End PBXContainerItemProxy section */

/* Begin PBXFileReference section */
		13B3ECD4F736F90420F3C939 /* Pods-RxSwiftApp.debug.xcconfig */ = {isa = PBXFileReference; includeInIndex = 1; lastKnownFileType = text.xcconfig; name = "Pods-RxSwiftApp.debug.xcconfig"; path = "Target Support Files/Pods-RxSwiftApp/Pods-RxSwiftApp.debug.xcconfig"; sourceTree = "<group>"; };
		2AFBAC5A6CE4B31BA55F90BD /* Pods-RxSwiftApp-RxSwiftAppUITests.debug.xcconfig */ = {isa = PBXFileReference; includeInIndex = 1; lastKnownFileType = text.xcconfig; name = "Pods-RxSwiftApp-RxSwiftAppUITests.debug.xcconfig"; path = "Target Support Files/Pods-RxSwiftApp-RxSwiftAppUITests/Pods-RxSwiftApp-RxSwiftAppUITests.debug.xcconfig"; sourceTree = "<group>"; };
		6FE1E4E9A9F461769C55C5A8 /* Pods-RxSwiftAppTests.debug.xcconfig */ = {isa = PBXFileReference; includeInIndex = 1; lastKnownFileType = text.xcconfig; name = "Pods-RxSwiftAppTests.debug.xcconfig"; path = "Target Support Files/Pods-RxSwiftAppTests/Pods-RxSwiftAppTests.debug.xcconfig"; sourceTree = "<group>"; };
		A8047AE94440991B5E6A0C72 /* Pods-RxSwiftAppTests.release.xcconfig */ = {isa = PBXFileReference; includeInIndex = 1; lastKnownFileType = text.xcconfig; name = "Pods-RxSwiftAppTests.release.xcconfig"; path = "Target Support Files/Pods-RxSwiftAppTests/Pods-RxSwiftAppTests.release.xcconfig"; sourceTree = "<group>"; };
		A84C69C39144485076A5FA5E /* Pods_RxSwiftApp.framework */ = {isa = PBXFileReference; explicitFileType = wrapper.framework; includeInIndex = 0; path = Pods_RxSwiftApp.framework; sourceTree = BUILT_PRODUCTS_DIR; };
		C8ABD492A321A6FA9D664545 /* Pods_RxSwiftApp_RxSwiftAppUITests.framework */ = {isa = PBXFileReference; explicitFileType = wrapper.framework; includeInIndex = 0; path = Pods_RxSwiftApp_RxSwiftAppUITests.framework; sourceTree = BUILT_PRODUCTS_DIR; };
		D3CBB4A847400570919947BA /* Pods-RxSwiftApp.release.xcconfig */ = {isa = PBXFileReference; includeInIndex = 1; lastKnownFileType = text.xcconfig; name = "Pods-RxSwiftApp.release.xcconfig"; path = "Target Support Files/Pods-RxSwiftApp/Pods-RxSwiftApp.release.xcconfig"; sourceTree = "<group>"; };
		D73EF62225BCD64B00CCF115 /* Pods_RxSwiftAppTests.framework */ = {isa = PBXFileReference; explicitFileType = wrapper.framework; includeInIndex = 0; path = Pods_RxSwiftAppTests.framework; sourceTree = BUILT_PRODUCTS_DIR; };
		EB2EBC0730D564CE72388DA2 /* Pods-RxSwiftApp-RxSwiftAppUITests.release.xcconfig */ = {isa = PBXFileReference; includeInIndex = 1; lastKnownFileType = text.xcconfig; name = "Pods-RxSwiftApp-RxSwiftAppUITests.release.xcconfig"; path = "Target Support Files/Pods-RxSwiftApp-RxSwiftAppUITests/Pods-RxSwiftApp-RxSwiftAppUITests.release.xcconfig"; sourceTree = "<group>"; };
		EF0589A7290C6E840076E3F4 /* TaskSegment.swift */ = {isa = PBXFileReference; lastKnownFileType = sourcecode.swift; path = TaskSegment.swift; sourceTree = "<group>"; };
		EF0589A9290C70910076E3F4 /* TaskView.swift */ = {isa = PBXFileReference; lastKnownFileType = sourcecode.swift; path = TaskView.swift; sourceTree = "<group>"; };
		EF0589AB290C8D710076E3F4 /* TaskModel.swift */ = {isa = PBXFileReference; lastKnownFileType = sourcecode.swift; path = TaskModel.swift; sourceTree = "<group>"; };
		EF0589AD290CF41B0076E3F4 /* AddTaskManager.swift */ = {isa = PBXFileReference; lastKnownFileType = sourcecode.swift; path = AddTaskManager.swift; sourceTree = "<group>"; };
		EF4756D0290EE3C400A1BC09 /* TableRow.swift */ = {isa = PBXFileReference; fileEncoding = 4; lastKnownFileType = sourcecode.swift; path = TableRow.swift; sourceTree = "<group>"; };
		EF4756D1290EE3C400A1BC09 /* Configurable.swift */ = {isa = PBXFileReference; fileEncoding = 4; lastKnownFileType = sourcecode.swift; path = Configurable.swift; sourceTree = "<group>"; };
		EF4756D4290EE3C400A1BC09 /* CustomCollectionTableCell.swift */ = {isa = PBXFileReference; fileEncoding = 4; lastKnownFileType = sourcecode.swift; path = CustomCollectionTableCell.swift; sourceTree = "<group>"; };
		EF4756D5290EE3C400A1BC09 /* CustomTableCell.swift */ = {isa = PBXFileReference; fileEncoding = 4; lastKnownFileType = sourcecode.swift; path = CustomTableCell.swift; sourceTree = "<group>"; };
		EF4756DD290EE57000A1BC09 /* TableViewFunction.swift */ = {isa = PBXFileReference; fileEncoding = 4; lastKnownFileType = sourcecode.swift; path = TableViewFunction.swift; sourceTree = "<group>"; };
		EF7CBECF290F058400F9D611 /* TableSection.swift */ = {isa = PBXFileReference; fileEncoding = 4; lastKnownFileType = sourcecode.swift; name = TableSection.swift; path = ../../../../../../.Trash/TableSection.swift; sourceTree = "<group>"; };
		EF884AA72903B5730053370F /* RxSwiftApp.app */ = {isa = PBXFileReference; explicitFileType = wrapper.application; includeInIndex = 0; path = RxSwiftApp.app; sourceTree = BUILT_PRODUCTS_DIR; };
		EF884AAA2903B5730053370F /* AppDelegate.swift */ = {isa = PBXFileReference; lastKnownFileType = sourcecode.swift; path = AppDelegate.swift; sourceTree = "<group>"; };
		EF884AAC2903B5730053370F /* SceneDelegate.swift */ = {isa = PBXFileReference; lastKnownFileType = sourcecode.swift; path = SceneDelegate.swift; sourceTree = "<group>"; };
		EF884AAE2903B5730053370F /* ViewController.swift */ = {isa = PBXFileReference; lastKnownFileType = sourcecode.swift; path = ViewController.swift; sourceTree = "<group>"; };
		EF884AB32903B5740053370F /* Assets.xcassets */ = {isa = PBXFileReference; lastKnownFileType = folder.assetcatalog; path = Assets.xcassets; sourceTree = "<group>"; };
		EF884AB62903B5740053370F /* Base */ = {isa = PBXFileReference; lastKnownFileType = file.storyboard; name = Base; path = Base.lproj/LaunchScreen.storyboard; sourceTree = "<group>"; };
		EF884AB82903B5740053370F /* Info.plist */ = {isa = PBXFileReference; lastKnownFileType = text.plist.xml; path = Info.plist; sourceTree = "<group>"; };
		EF884ABD2903B5740053370F /* RxSwiftAppTests.xctest */ = {isa = PBXFileReference; explicitFileType = wrapper.cfbundle; includeInIndex = 0; path = RxSwiftAppTests.xctest; sourceTree = BUILT_PRODUCTS_DIR; };
		EF884AC12903B5740053370F /* RxSwiftAppTests.swift */ = {isa = PBXFileReference; lastKnownFileType = sourcecode.swift; path = RxSwiftAppTests.swift; sourceTree = "<group>"; };
		EF884AC72903B5740053370F /* RxSwiftAppUITests.xctest */ = {isa = PBXFileReference; explicitFileType = wrapper.cfbundle; includeInIndex = 0; path = RxSwiftAppUITests.xctest; sourceTree = BUILT_PRODUCTS_DIR; };
		EF884ACB2903B5740053370F /* RxSwiftAppUITests.swift */ = {isa = PBXFileReference; lastKnownFileType = sourcecode.swift; path = RxSwiftAppUITests.swift; sourceTree = "<group>"; };
		EF884ACD2903B5740053370F /* RxSwiftAppUITestsLaunchTests.swift */ = {isa = PBXFileReference; lastKnownFileType = sourcecode.swift; path = RxSwiftAppUITestsLaunchTests.swift; sourceTree = "<group>"; };
		EF884ADD2903B6150053370F /* MainTabBar.swift */ = {isa = PBXFileReference; fileEncoding = 4; lastKnownFileType = sourcecode.swift; path = MainTabBar.swift; sourceTree = "<group>"; };
		EF884ADE2903B6150053370F /* MainTabViewControlller.swift */ = {isa = PBXFileReference; fileEncoding = 4; lastKnownFileType = sourcecode.swift; path = MainTabViewControlller.swift; sourceTree = "<group>"; };
		EF884AE12903B8CD0053370F /* RxPlayground.playground */ = {isa = PBXFileReference; lastKnownFileType = file.playground; path = RxPlayground.playground; sourceTree = "<group>"; xcLanguageSpecificationIdentifier = xcode.lang.swift; };
		EF9F7022290E542100FAF5ED /* WeatherViewController.swift */ = {isa = PBXFileReference; lastKnownFileType = sourcecode.swift; path = WeatherViewController.swift; sourceTree = "<group>"; };
		EF9F7025290E5DF500FAF5ED /* WeatherAPI.swift */ = {isa = PBXFileReference; lastKnownFileType = sourcecode.swift; path = WeatherAPI.swift; sourceTree = "<group>"; };
		EF9F7027290E5EB600FAF5ED /* Endpoint.swift */ = {isa = PBXFileReference; lastKnownFileType = sourcecode.swift; path = Endpoint.swift; sourceTree = "<group>"; };
		EF9F7029290E5F8B00FAF5ED /* WeatherModel.swift */ = {isa = PBXFileReference; lastKnownFileType = sourcecode.swift; path = WeatherModel.swift; sourceTree = "<group>"; };
		EF9F704F290EC4A700FAF5ED /* RxDataSourceExample.swift */ = {isa = PBXFileReference; lastKnownFileType = sourcecode.swift; path = RxDataSourceExample.swift; sourceTree = "<group>"; };
		EFC99A8B290679680011632A /* DataBindable.swift */ = {isa = PBXFileReference; fileEncoding = 4; lastKnownFileType = sourcecode.swift; path = DataBindable.swift; sourceTree = "<group>"; };
		EFC99A8C290679680011632A /* Cache.swift */ = {isa = PBXFileReference; fileEncoding = 4; lastKnownFileType = sourcecode.swift; path = Cache.swift; sourceTree = "<group>"; };
		EFC99A8F290679680011632A /* SearchViewController.swift */ = {isa = PBXFileReference; fileEncoding = 4; lastKnownFileType = sourcecode.swift; path = SearchViewController.swift; sourceTree = "<group>"; };
		EFC99A90290679680011632A /* SearchBar.swift */ = {isa = PBXFileReference; fileEncoding = 4; lastKnownFileType = sourcecode.swift; path = SearchBar.swift; sourceTree = "<group>"; };
		EFC99A92290679680011632A /* SentimentTextLabel.swift */ = {isa = PBXFileReference; fileEncoding = 4; lastKnownFileType = sourcecode.swift; path = SentimentTextLabel.swift; sourceTree = "<group>"; };
		EFC99A93290679680011632A /* GenericButtonWrapper.swift */ = {isa = PBXFileReference; fileEncoding = 4; lastKnownFileType = sourcecode.swift; path = GenericButtonWrapper.swift; sourceTree = "<group>"; };
		EFC99A95290679680011632A /* ImageHeaderSubHeaderView.swift */ = {isa = PBXFileReference; fileEncoding = 4; lastKnownFileType = sourcecode.swift; path = ImageHeaderSubHeaderView.swift; sourceTree = "<group>"; };
		EFC99A96290679680011632A /* SymbolImage.swift */ = {isa = PBXFileReference; fileEncoding = 4; lastKnownFileType = sourcecode.swift; path = SymbolImage.swift; sourceTree = "<group>"; };
		EFC99A99290679680011632A /* MultipleStrokeProgressBar.swift */ = {isa = PBXFileReference; fileEncoding = 4; lastKnownFileType = sourcecode.swift; path = MultipleStrokeProgressBar.swift; sourceTree = "<group>"; };
		EFC99A9A290679680011632A /* CircularProgressBar.swift */ = {isa = PBXFileReference; fileEncoding = 4; lastKnownFileType = sourcecode.swift; path = CircularProgressBar.swift; sourceTree = "<group>"; };
		EFC99A9B290679680011632A /* SphericalProgressBars.swift */ = {isa = PBXFileReference; fileEncoding = 4; lastKnownFileType = sourcecode.swift; path = SphericalProgressBars.swift; sourceTree = "<group>"; };
		EFC99A9C290679680011632A /* MutlipleStrokeCircularProgressBar.swift */ = {isa = PBXFileReference; fileEncoding = 4; lastKnownFileType = sourcecode.swift; path = MutlipleStrokeCircularProgressBar.swift; sourceTree = "<group>"; };
		EFC99A9D290679680011632A /* ProgressBars.swift */ = {isa = PBXFileReference; fileEncoding = 4; lastKnownFileType = sourcecode.swift; path = ProgressBars.swift; sourceTree = "<group>"; };
		EFC99AA0290679680011632A /* QRCodeBuilder.swift */ = {isa = PBXFileReference; fileEncoding = 4; lastKnownFileType = sourcecode.swift; path = QRCodeBuilder.swift; sourceTree = "<group>"; };
		EFC99AA2290679680011632A /* CollectionDataSource.swift */ = {isa = PBXFileReference; fileEncoding = 4; lastKnownFileType = sourcecode.swift; path = CollectionDataSource.swift; sourceTree = "<group>"; };
		EFC99AA3290679680011632A /* CollectionSection.swift */ = {isa = PBXFileReference; fileEncoding = 4; lastKnownFileType = sourcecode.swift; path = CollectionSection.swift; sourceTree = "<group>"; };
		EFC99AA4290679680011632A /* CollectionViewFunctions.swift */ = {isa = PBXFileReference; fileEncoding = 4; lastKnownFileType = sourcecode.swift; path = CollectionViewFunctions.swift; sourceTree = "<group>"; };
		EFC99AA6290679680011632A /* CustomCollectionCell.swift */ = {isa = PBXFileReference; fileEncoding = 4; lastKnownFileType = sourcecode.swift; path = CustomCollectionCell.swift; sourceTree = "<group>"; };
		EFC99AA7290679680011632A /* CollectionColumn.swift */ = {isa = PBXFileReference; fileEncoding = 4; lastKnownFileType = sourcecode.swift; path = CollectionColumn.swift; sourceTree = "<group>"; };
		EFC99AA9290679680011632A /* Response.swift */ = {isa = PBXFileReference; fileEncoding = 4; lastKnownFileType = sourcecode.swift; path = Response.swift; sourceTree = "<group>"; };
		EFC99AAA290679680011632A /* NetworkReqeust.swift */ = {isa = PBXFileReference; fileEncoding = 4; lastKnownFileType = sourcecode.swift; path = NetworkReqeust.swift; sourceTree = "<group>"; };
		EFC99AAC290679680011632A /* Animation.swift */ = {isa = PBXFileReference; fileEncoding = 4; lastKnownFileType = sourcecode.swift; path = Animation.swift; sourceTree = "<group>"; };
		EFC99AB7290679680011632A /* ActiveBoosterCard.swift */ = {isa = PBXFileReference; fileEncoding = 4; lastKnownFileType = sourcecode.swift; path = ActiveBoosterCard.swift; sourceTree = "<group>"; };
		EFC99AB8290679680011632A /* CircularProgressShape.swift */ = {isa = PBXFileReference; fileEncoding = 4; lastKnownFileType = sourcecode.swift; path = CircularProgressShape.swift; sourceTree = "<group>"; };
		EFC99AB9290679680011632A /* circlingBall.swift */ = {isa = PBXFileReference; fileEncoding = 4; lastKnownFileType = sourcecode.swift; path = circlingBall.swift; sourceTree = "<group>"; };
		EFC99ABA290679680011632A /* CuratedBackgroundShape.swift */ = {isa = PBXFileReference; fileEncoding = 4; lastKnownFileType = sourcecode.swift; path = CuratedBackgroundShape.swift; sourceTree = "<group>"; };
		EFC99ABC290679680011632A /* UIWindow.swift */ = {isa = PBXFileReference; fileEncoding = 4; lastKnownFileType = sourcecode.swift; path = UIWindow.swift; sourceTree = "<group>"; };
		EFC99ABE290679680011632A /* UIView.swift */ = {isa = PBXFileReference; fileEncoding = 4; lastKnownFileType = sourcecode.swift; path = UIView.swift; sourceTree = "<group>"; };
		EFC99ABF290679680011632A /* UIStackView.swift */ = {isa = PBXFileReference; fileEncoding = 4; lastKnownFileType = sourcecode.swift; path = UIStackView.swift; sourceTree = "<group>"; };
		EFC99AC0290679680011632A /* UITableView.swift */ = {isa = PBXFileReference; fileEncoding = 4; lastKnownFileType = sourcecode.swift; path = UITableView.swift; sourceTree = "<group>"; };
		EFC99AC1290679680011632A /* ViewHeirachy.swift */ = {isa = PBXFileReference; fileEncoding = 4; lastKnownFileType = sourcecode.swift; path = ViewHeirachy.swift; sourceTree = "<group>"; };
		EFC99AC2290679680011632A /* ViewStyling.swift */ = {isa = PBXFileReference; fileEncoding = 4; lastKnownFileType = sourcecode.swift; path = ViewStyling.swift; sourceTree = "<group>"; };
		EFC99AC3290679680011632A /* UIViewController.swift */ = {isa = PBXFileReference; fileEncoding = 4; lastKnownFileType = sourcecode.swift; path = UIViewController.swift; sourceTree = "<group>"; };
		EFC99AC4290679680011632A /* UIImageView.swift */ = {isa = PBXFileReference; fileEncoding = 4; lastKnownFileType = sourcecode.swift; path = UIImageView.swift; sourceTree = "<group>"; };
		EFC99AC5290679680011632A /* Views.swift */ = {isa = PBXFileReference; fileEncoding = 4; lastKnownFileType = sourcecode.swift; path = Views.swift; sourceTree = "<group>"; };
		EFC99AC6290679680011632A /* UILabel.swift */ = {isa = PBXFileReference; fileEncoding = 4; lastKnownFileType = sourcecode.swift; path = UILabel.swift; sourceTree = "<group>"; };
		EFC99AC8290679680011632A /* CustomFonts.swift */ = {isa = PBXFileReference; fileEncoding = 4; lastKnownFileType = sourcecode.swift; path = CustomFonts.swift; sourceTree = "<group>"; };
		EFC99AC9290679680011632A /* String.swift */ = {isa = PBXFileReference; fileEncoding = 4; lastKnownFileType = sourcecode.swift; path = String.swift; sourceTree = "<group>"; };
		EFC99ACA290679680011632A /* RenderableText.swift */ = {isa = PBXFileReference; fileEncoding = 4; lastKnownFileType = sourcecode.swift; path = RenderableText.swift; sourceTree = "<group>"; };
		EFC99ACC290679680011632A /* CGSize.swift */ = {isa = PBXFileReference; fileEncoding = 4; lastKnownFileType = sourcecode.swift; path = CGSize.swift; sourceTree = "<group>"; };
		EFC99ACD290679680011632A /* Int.swift */ = {isa = PBXFileReference; fileEncoding = 4; lastKnownFileType = sourcecode.swift; path = Int.swift; sourceTree = "<group>"; };
		EFC99ACE290679680011632A /* CGPoint.swift */ = {isa = PBXFileReference; fileEncoding = 4; lastKnownFileType = sourcecode.swift; path = CGPoint.swift; sourceTree = "<group>"; };
		EFC99ACF290679680011632A /* Numeric.swift */ = {isa = PBXFileReference; fileEncoding = 4; lastKnownFileType = sourcecode.swift; path = Numeric.swift; sourceTree = "<group>"; };
		EFC99AD0290679680011632A /* CGFloat.swift */ = {isa = PBXFileReference; fileEncoding = 4; lastKnownFileType = sourcecode.swift; path = CGFloat.swift; sourceTree = "<group>"; };
		EFC99AD1290679680011632A /* UIEdgeInsets.swift */ = {isa = PBXFileReference; fileEncoding = 4; lastKnownFileType = sourcecode.swift; path = UIEdgeInsets.swift; sourceTree = "<group>"; };
		EFC99AFF290679680011632A /* Helpers.swift */ = {isa = PBXFileReference; fileEncoding = 4; lastKnownFileType = sourcecode.swift; path = Helpers.swift; sourceTree = "<group>"; };
		EFC99B00290679680011632A /* SystemCatalogue.swift */ = {isa = PBXFileReference; fileEncoding = 4; lastKnownFileType = sourcecode.swift; path = SystemCatalogue.swift; sourceTree = "<group>"; };
		EFC99B02290679680011632A /* ColorBuilder.swift */ = {isa = PBXFileReference; fileEncoding = 4; lastKnownFileType = sourcecode.swift; path = ColorBuilder.swift; sourceTree = "<group>"; };
		EFC99B04290679680011632A /* Satoshi-Bold.otf */ = {isa = PBXFileReference; lastKnownFileType = file; path = "Satoshi-Bold.otf"; sourceTree = "<group>"; };
		EFC99B05290679680011632A /* Satoshi-Italic.otf */ = {isa = PBXFileReference; lastKnownFileType = file; path = "Satoshi-Italic.otf"; sourceTree = "<group>"; };
		EFC99B06290679680011632A /* PPCirka-Bold.otf */ = {isa = PBXFileReference; lastKnownFileType = file; path = "PPCirka-Bold.otf"; sourceTree = "<group>"; };
		EFC99B07290679680011632A /* PPCirka-Variable.ttf */ = {isa = PBXFileReference; lastKnownFileType = file; path = "PPCirka-Variable.ttf"; sourceTree = "<group>"; };
		EFC99B08290679680011632A /* Satoshi-Black.otf */ = {isa = PBXFileReference; lastKnownFileType = file; path = "Satoshi-Black.otf"; sourceTree = "<group>"; };
		EFC99B09290679680011632A /* Satoshi-Regular.otf */ = {isa = PBXFileReference; lastKnownFileType = file; path = "Satoshi-Regular.otf"; sourceTree = "<group>"; };
		EFC99B0A290679680011632A /* Gilroy-Bold.ttf */ = {isa = PBXFileReference; lastKnownFileType = file; path = "Gilroy-Bold.ttf"; sourceTree = "<group>"; };
		EFC99B0B290679680011632A /* Satoshi-BoldItalic.otf */ = {isa = PBXFileReference; lastKnownFileType = file; path = "Satoshi-BoldItalic.otf"; sourceTree = "<group>"; };
		EFC99B0C290679680011632A /* Satoshi-Light.otf */ = {isa = PBXFileReference; lastKnownFileType = file; path = "Satoshi-Light.otf"; sourceTree = "<group>"; };
		EFC99B0D290679680011632A /* Satoshi-LightItalic.otf */ = {isa = PBXFileReference; lastKnownFileType = file; path = "Satoshi-LightItalic.otf"; sourceTree = "<group>"; };
		EFC99B0E290679680011632A /* PPCirka-Light.otf */ = {isa = PBXFileReference; lastKnownFileType = file; path = "PPCirka-Light.otf"; sourceTree = "<group>"; };
		EFC99B0F290679680011632A /* Satoshi-BlackItalic.otf */ = {isa = PBXFileReference; lastKnownFileType = file; path = "Satoshi-BlackItalic.otf"; sourceTree = "<group>"; };
		EFC99B10290679680011632A /* Satoshi-MediumItalic.otf */ = {isa = PBXFileReference; lastKnownFileType = file; path = "Satoshi-MediumItalic.otf"; sourceTree = "<group>"; };
		EFC99B11290679680011632A /* Satoshi-Medium.otf */ = {isa = PBXFileReference; lastKnownFileType = file; path = "Satoshi-Medium.otf"; sourceTree = "<group>"; };
		EFC99B12290679680011632A /* Gilroy-Light.otf */ = {isa = PBXFileReference; lastKnownFileType = file; path = "Gilroy-Light.otf"; sourceTree = "<group>"; };
		EFC99B13290679680011632A /* Gilroy-ExtraBold.otf */ = {isa = PBXFileReference; lastKnownFileType = file; path = "Gilroy-ExtraBold.otf"; sourceTree = "<group>"; };
		EFC99B14290679680011632A /* Satoshi-Variable.ttf */ = {isa = PBXFileReference; lastKnownFileType = file; path = "Satoshi-Variable.ttf"; sourceTree = "<group>"; };
		EFC99B85290679B00011632A /* PresentationViewController.swift */ = {isa = PBXFileReference; fileEncoding = 4; lastKnownFileType = sourcecode.swift; path = PresentationViewController.swift; sourceTree = "<group>"; };
		EFC99B88290685B20011632A /* PhotoFilterSelector.swift */ = {isa = PBXFileReference; lastKnownFileType = sourcecode.swift; path = PhotoFilterSelector.swift; sourceTree = "<group>"; };
		EFC99B8A29068A630011632A /* PhotoPicker.swift */ = {isa = PBXFileReference; lastKnownFileType = sourcecode.swift; path = PhotoPicker.swift; sourceTree = "<group>"; };
		EFE6834729094E4000E86E27 /* NewsModel.swift */ = {isa = PBXFileReference; lastKnownFileType = sourcecode.swift; path = NewsModel.swift; sourceTree = "<group>"; };
		EFE6834A29094F3E00E86E27 /* NewsAPI.swift */ = {isa = PBXFileReference; lastKnownFileType = sourcecode.swift; path = NewsAPI.swift; sourceTree = "<group>"; };
		EFE6834C290951A100E86E27 /* NetworkLayer.swift */ = {isa = PBXFileReference; lastKnownFileType = sourcecode.swift; path = NetworkLayer.swift; sourceTree = "<group>"; };
		EFE6834F2909573F00E86E27 /* NewsViewController.swift */ = {isa = PBXFileReference; lastKnownFileType = sourcecode.swift; path = NewsViewController.swift; sourceTree = "<group>"; };
		EFE68351290957BF00E86E27 /* NewsCell.swift */ = {isa = PBXFileReference; lastKnownFileType = sourcecode.swift; path = NewsCell.swift; sourceTree = "<group>"; };
		EFE683552909B97800E86E27 /* UIImageNetworkLayer.swift */ = {isa = PBXFileReference; lastKnownFileType = sourcecode.swift; path = UIImageNetworkLayer.swift; sourceTree = "<group>"; };
/* End PBXFileReference section */

/* Begin PBXFrameworksBuildPhase section */
		EF884AA42903B5730053370F /* Frameworks */ = {
			isa = PBXFrameworksBuildPhase;
			buildActionMask = 2147483647;
			files = (
				41593BAD7BFED7EA8F36415E /* Pods_RxSwiftApp.framework in Frameworks */,
			);
			runOnlyForDeploymentPostprocessing = 0;
		};
		EF884ABA2903B5740053370F /* Frameworks */ = {
			isa = PBXFrameworksBuildPhase;
			buildActionMask = 2147483647;
			files = (
				E5D8074C7DA9572BB51E33E1 /* Pods_RxSwiftAppTests.framework in Frameworks */,
			);
			runOnlyForDeploymentPostprocessing = 0;
		};
		EF884AC42903B5740053370F /* Frameworks */ = {
			isa = PBXFrameworksBuildPhase;
			buildActionMask = 2147483647;
			files = (
				BCB8C89409E3DEE325D0A6F3 /* Pods_RxSwiftApp_RxSwiftAppUITests.framework in Frameworks */,
			);
			runOnlyForDeploymentPostprocessing = 0;
		};
/* End PBXFrameworksBuildPhase section */

/* Begin PBXGroup section */
		7EED8BE2009DE9B58F6FAD32 /* Pods */ = {
			isa = PBXGroup;
			children = (
				13B3ECD4F736F90420F3C939 /* Pods-RxSwiftApp.debug.xcconfig */,
				D3CBB4A847400570919947BA /* Pods-RxSwiftApp.release.xcconfig */,
				2AFBAC5A6CE4B31BA55F90BD /* Pods-RxSwiftApp-RxSwiftAppUITests.debug.xcconfig */,
				EB2EBC0730D564CE72388DA2 /* Pods-RxSwiftApp-RxSwiftAppUITests.release.xcconfig */,
				6FE1E4E9A9F461769C55C5A8 /* Pods-RxSwiftAppTests.debug.xcconfig */,
				A8047AE94440991B5E6A0C72 /* Pods-RxSwiftAppTests.release.xcconfig */,
			);
			path = Pods;
			sourceTree = "<group>";
		};
		CBD57D612F4DD28207848733 /* Frameworks */ = {
			isa = PBXGroup;
			children = (
				A84C69C39144485076A5FA5E /* Pods_RxSwiftApp.framework */,
				C8ABD492A321A6FA9D664545 /* Pods_RxSwiftApp_RxSwiftAppUITests.framework */,
				D73EF62225BCD64B00CCF115 /* Pods_RxSwiftAppTests.framework */,
			);
			name = Frameworks;
			sourceTree = "<group>";
		};
		EF0589A6290C6E780076E3F4 /* TaskList */ = {
			isa = PBXGroup;
			children = (
				EF0589A7290C6E840076E3F4 /* TaskSegment.swift */,
				EF0589A9290C70910076E3F4 /* TaskView.swift */,
				EF0589AB290C8D710076E3F4 /* TaskModel.swift */,
				EF0589AD290CF41B0076E3F4 /* AddTaskManager.swift */,
			);
			path = TaskList;
			sourceTree = "<group>";
		};
		EF4756CD290EE3C400A1BC09 /* TableViewDataSource */ = {
			isa = PBXGroup;
			children = (
				EF7CBECF290F058400F9D611 /* TableSection.swift */,
				EF4756DD290EE57000A1BC09 /* TableViewFunction.swift */,
				EF4756D0290EE3C400A1BC09 /* TableRow.swift */,
				EF4756D1290EE3C400A1BC09 /* Configurable.swift */,
				EF4756D3290EE3C400A1BC09 /* CommonTableRowView */,
			);
			path = TableViewDataSource;
			sourceTree = "<group>";
		};
		EF4756D3290EE3C400A1BC09 /* CommonTableRowView */ = {
			isa = PBXGroup;
			children = (
				EF4756D4290EE3C400A1BC09 /* CustomCollectionTableCell.swift */,
				EF4756D5290EE3C400A1BC09 /* CustomTableCell.swift */,
			);
			path = CommonTableRowView;
			sourceTree = "<group>";
		};
		EF884A9E2903B5730053370F = {
			isa = PBXGroup;
			children = (
				EF884AA92903B5730053370F /* RxSwiftApp */,
				EF884AC02903B5740053370F /* RxSwiftAppTests */,
				EF884ACA2903B5740053370F /* RxSwiftAppUITests */,
				EF884AA82903B5730053370F /* Products */,
				7EED8BE2009DE9B58F6FAD32 /* Pods */,
				CBD57D612F4DD28207848733 /* Frameworks */,
			);
			sourceTree = "<group>";
		};
		EF884AA82903B5730053370F /* Products */ = {
			isa = PBXGroup;
			children = (
				EF884AA72903B5730053370F /* RxSwiftApp.app */,
				EF884ABD2903B5740053370F /* RxSwiftAppTests.xctest */,
				EF884AC72903B5740053370F /* RxSwiftAppUITests.xctest */,
			);
			name = Products;
			sourceTree = "<group>";
		};
		EF884AA92903B5730053370F /* RxSwiftApp */ = {
			isa = PBXGroup;
			children = (
				EF9F704E290EC49600FAF5ED /* RxDataSource */,
				EF9F7024290E5DE500FAF5ED /* Request */,
				EF9F7021290E538200FAF5ED /* WeatherApp */,
				EF0589A6290C6E780076E3F4 /* TaskList */,
				EFE6834529094DF100E86E27 /* NewsAPI */,
				EFC99B87290685A10011632A /* PhotoFilterSelector */,
				EFC99A89290679680011632A /* ZeamUI */,
				EF884AE12903B8CD0053370F /* RxPlayground.playground */,
				EF884ADC2903B6150053370F /* MainTabBar */,
				EF884AAA2903B5730053370F /* AppDelegate.swift */,
				EF884AAC2903B5730053370F /* SceneDelegate.swift */,
				EF884AAE2903B5730053370F /* ViewController.swift */,
				EF884AB32903B5740053370F /* Assets.xcassets */,
				EF884AB52903B5740053370F /* LaunchScreen.storyboard */,
				EF884AB82903B5740053370F /* Info.plist */,
			);
			path = RxSwiftApp;
			sourceTree = "<group>";
		};
		EF884AC02903B5740053370F /* RxSwiftAppTests */ = {
			isa = PBXGroup;
			children = (
				EF884AC12903B5740053370F /* RxSwiftAppTests.swift */,
			);
			path = RxSwiftAppTests;
			sourceTree = "<group>";
		};
		EF884ACA2903B5740053370F /* RxSwiftAppUITests */ = {
			isa = PBXGroup;
			children = (
				EF884ACB2903B5740053370F /* RxSwiftAppUITests.swift */,
				EF884ACD2903B5740053370F /* RxSwiftAppUITestsLaunchTests.swift */,
			);
			path = RxSwiftAppUITests;
			sourceTree = "<group>";
		};
		EF884ADC2903B6150053370F /* MainTabBar */ = {
			isa = PBXGroup;
			children = (
				EF884ADD2903B6150053370F /* MainTabBar.swift */,
				EF884ADE2903B6150053370F /* MainTabViewControlller.swift */,
			);
			path = MainTabBar;
			sourceTree = "<group>";
		};
		EF9F7021290E538200FAF5ED /* WeatherApp */ = {
			isa = PBXGroup;
			children = (
				EF9F7022290E542100FAF5ED /* WeatherViewController.swift */,
				EF9F7025290E5DF500FAF5ED /* WeatherAPI.swift */,
				EF9F7029290E5F8B00FAF5ED /* WeatherModel.swift */,
			);
			path = WeatherApp;
			sourceTree = "<group>";
		};
		EF9F7024290E5DE500FAF5ED /* Request */ = {
			isa = PBXGroup;
			children = (
				EFE6834C290951A100E86E27 /* NetworkLayer.swift */,
				EFE683552909B97800E86E27 /* UIImageNetworkLayer.swift */,
				EF9F7027290E5EB600FAF5ED /* Endpoint.swift */,
			);
			path = Request;
			sourceTree = "<group>";
		};
		EF9F704E290EC49600FAF5ED /* RxDataSource */ = {
			isa = PBXGroup;
			children = (
				EF9F704F290EC4A700FAF5ED /* RxDataSourceExample.swift */,
			);
			path = RxDataSource;
			sourceTree = "<group>";
		};
		EFC99A89290679680011632A /* ZeamUI */ = {
			isa = PBXGroup;
			children = (
				EF4756CD290EE3C400A1BC09 /* TableViewDataSource */,
				EFC99A8A290679680011632A /* DataManager */,
				EFC99A8D290679680011632A /* MiscComponents */,
				EFC99A9E290679680011632A /* Extensions */,
				EFC99AFD290679680011632A /* Assets */,
			);
			path = ZeamUI;
			sourceTree = "<group>";
		};
		EFC99A8A290679680011632A /* DataManager */ = {
			isa = PBXGroup;
			children = (
				EFC99A8B290679680011632A /* DataBindable.swift */,
				EFC99A8C290679680011632A /* Cache.swift */,
			);
			path = DataManager;
			sourceTree = "<group>";
		};
		EFC99A8D290679680011632A /* MiscComponents */ = {
			isa = PBXGroup;
			children = (
				EFC99B84290679B00011632A /* PresentedViewController */,
				EFC99A8E290679680011632A /* CustomSearchBarController */,
				EFC99A91290679680011632A /* TextComponents */,
				EFC99A93290679680011632A /* GenericButtonWrapper.swift */,
				EFC99A94290679680011632A /* ImageComponents */,
				EFC99A97290679680011632A /* Bars */,
			);
			path = MiscComponents;
			sourceTree = "<group>";
		};
		EFC99A8E290679680011632A /* CustomSearchBarController */ = {
			isa = PBXGroup;
			children = (
				EFC99A8F290679680011632A /* SearchViewController.swift */,
				EFC99A90290679680011632A /* SearchBar.swift */,
			);
			path = CustomSearchBarController;
			sourceTree = "<group>";
		};
		EFC99A91290679680011632A /* TextComponents */ = {
			isa = PBXGroup;
			children = (
				EFC99A92290679680011632A /* SentimentTextLabel.swift */,
			);
			path = TextComponents;
			sourceTree = "<group>";
		};
		EFC99A94290679680011632A /* ImageComponents */ = {
			isa = PBXGroup;
			children = (
				EFC99A95290679680011632A /* ImageHeaderSubHeaderView.swift */,
				EFC99A96290679680011632A /* SymbolImage.swift */,
			);
			path = ImageComponents;
			sourceTree = "<group>";
		};
		EFC99A97290679680011632A /* Bars */ = {
			isa = PBXGroup;
			children = (
				EFC99A99290679680011632A /* MultipleStrokeProgressBar.swift */,
				EFC99A9A290679680011632A /* CircularProgressBar.swift */,
				EFC99A9B290679680011632A /* SphericalProgressBars.swift */,
				EFC99A9C290679680011632A /* MutlipleStrokeCircularProgressBar.swift */,
				EFC99A9D290679680011632A /* ProgressBars.swift */,
			);
			path = Bars;
			sourceTree = "<group>";
		};
		EFC99A9E290679680011632A /* Extensions */ = {
			isa = PBXGroup;
			children = (
				EFC99A9F290679680011632A /* QRCodeBuilder */,
				EFC99AA1290679680011632A /* CollectionViewDataSource */,
				EFC99AA8290679680011632A /* Network */,
				EFC99AAB290679680011632A /* Animation */,
				EFC99AB6290679680011632A /* Shapes */,
				EFC99ABB290679680011632A /* Window */,
				EFC99ABD290679680011632A /* View */,
				EFC99AC7290679680011632A /* String */,
				EFC99ACB290679680011632A /* Dimensions */,
			);
			path = Extensions;
			sourceTree = "<group>";
		};
		EFC99A9F290679680011632A /* QRCodeBuilder */ = {
			isa = PBXGroup;
			children = (
				EFC99AA0290679680011632A /* QRCodeBuilder.swift */,
			);
			path = QRCodeBuilder;
			sourceTree = "<group>";
		};
		EFC99AA1290679680011632A /* CollectionViewDataSource */ = {
			isa = PBXGroup;
			children = (
				EFC99AA2290679680011632A /* CollectionDataSource.swift */,
				EFC99AA3290679680011632A /* CollectionSection.swift */,
				EFC99AA4290679680011632A /* CollectionViewFunctions.swift */,
				EFC99AA5290679680011632A /* CommonCollectionItemView */,
				EFC99AA7290679680011632A /* CollectionColumn.swift */,
			);
			path = CollectionViewDataSource;
			sourceTree = "<group>";
		};
		EFC99AA5290679680011632A /* CommonCollectionItemView */ = {
			isa = PBXGroup;
			children = (
				EFC99AA6290679680011632A /* CustomCollectionCell.swift */,
			);
			path = CommonCollectionItemView;
			sourceTree = "<group>";
		};
		EFC99AA8290679680011632A /* Network */ = {
			isa = PBXGroup;
			children = (
				EFC99AA9290679680011632A /* Response.swift */,
				EFC99AAA290679680011632A /* NetworkReqeust.swift */,
			);
			path = Network;
			sourceTree = "<group>";
		};
		EFC99AAB290679680011632A /* Animation */ = {
			isa = PBXGroup;
			children = (
				EFC99AAC290679680011632A /* Animation.swift */,
			);
			path = Animation;
			sourceTree = "<group>";
		};
		EFC99AB6290679680011632A /* Shapes */ = {
			isa = PBXGroup;
			children = (
				EFC99AB7290679680011632A /* ActiveBoosterCard.swift */,
				EFC99AB8290679680011632A /* CircularProgressShape.swift */,
				EFC99AB9290679680011632A /* circlingBall.swift */,
				EFC99ABA290679680011632A /* CuratedBackgroundShape.swift */,
			);
			path = Shapes;
			sourceTree = "<group>";
		};
		EFC99ABB290679680011632A /* Window */ = {
			isa = PBXGroup;
			children = (
				EFC99ABC290679680011632A /* UIWindow.swift */,
			);
			path = Window;
			sourceTree = "<group>";
		};
		EFC99ABD290679680011632A /* View */ = {
			isa = PBXGroup;
			children = (
				EFC99ABE290679680011632A /* UIView.swift */,
				EFC99ABF290679680011632A /* UIStackView.swift */,
				EFC99AC0290679680011632A /* UITableView.swift */,
				EFC99AC1290679680011632A /* ViewHeirachy.swift */,
				EFC99AC2290679680011632A /* ViewStyling.swift */,
				EFC99AC3290679680011632A /* UIViewController.swift */,
				EFC99AC4290679680011632A /* UIImageView.swift */,
				EFC99AC5290679680011632A /* Views.swift */,
				EFC99AC6290679680011632A /* UILabel.swift */,
			);
			path = View;
			sourceTree = "<group>";
		};
		EFC99AC7290679680011632A /* String */ = {
			isa = PBXGroup;
			children = (
				EFC99AC8290679680011632A /* CustomFonts.swift */,
				EFC99AC9290679680011632A /* String.swift */,
				EFC99ACA290679680011632A /* RenderableText.swift */,
			);
			path = String;
			sourceTree = "<group>";
		};
		EFC99ACB290679680011632A /* Dimensions */ = {
			isa = PBXGroup;
			children = (
				EFC99ACC290679680011632A /* CGSize.swift */,
				EFC99ACD290679680011632A /* Int.swift */,
				EFC99ACE290679680011632A /* CGPoint.swift */,
				EFC99ACF290679680011632A /* Numeric.swift */,
				EFC99AD0290679680011632A /* CGFloat.swift */,
				EFC99AD1290679680011632A /* UIEdgeInsets.swift */,
			);
			path = Dimensions;
			sourceTree = "<group>";
		};
		EFC99AFD290679680011632A /* Assets */ = {
			isa = PBXGroup;
			children = (
				EFC99AFE290679680011632A /* Images */,
				EFC99B01290679680011632A /* Colors */,
				EFC99B03290679680011632A /* Fonts */,
			);
			path = Assets;
			sourceTree = "<group>";
		};
		EFC99AFE290679680011632A /* Images */ = {
			isa = PBXGroup;
			children = (
				EFC99AFF290679680011632A /* Helpers.swift */,
				EFC99B00290679680011632A /* SystemCatalogue.swift */,
			);
			path = Images;
			sourceTree = "<group>";
		};
		EFC99B01290679680011632A /* Colors */ = {
			isa = PBXGroup;
			children = (
				EFC99B02290679680011632A /* ColorBuilder.swift */,
			);
			path = Colors;
			sourceTree = "<group>";
		};
		EFC99B03290679680011632A /* Fonts */ = {
			isa = PBXGroup;
			children = (
				EFC99B04290679680011632A /* Satoshi-Bold.otf */,
				EFC99B05290679680011632A /* Satoshi-Italic.otf */,
				EFC99B06290679680011632A /* PPCirka-Bold.otf */,
				EFC99B07290679680011632A /* PPCirka-Variable.ttf */,
				EFC99B08290679680011632A /* Satoshi-Black.otf */,
				EFC99B09290679680011632A /* Satoshi-Regular.otf */,
				EFC99B0A290679680011632A /* Gilroy-Bold.ttf */,
				EFC99B0B290679680011632A /* Satoshi-BoldItalic.otf */,
				EFC99B0C290679680011632A /* Satoshi-Light.otf */,
				EFC99B0D290679680011632A /* Satoshi-LightItalic.otf */,
				EFC99B0E290679680011632A /* PPCirka-Light.otf */,
				EFC99B0F290679680011632A /* Satoshi-BlackItalic.otf */,
				EFC99B10290679680011632A /* Satoshi-MediumItalic.otf */,
				EFC99B11290679680011632A /* Satoshi-Medium.otf */,
				EFC99B12290679680011632A /* Gilroy-Light.otf */,
				EFC99B13290679680011632A /* Gilroy-ExtraBold.otf */,
				EFC99B14290679680011632A /* Satoshi-Variable.ttf */,
			);
			path = Fonts;
			sourceTree = "<group>";
		};
		EFC99B84290679B00011632A /* PresentedViewController */ = {
			isa = PBXGroup;
			children = (
				EFC99B85290679B00011632A /* PresentationViewController.swift */,
			);
			path = PresentedViewController;
			sourceTree = "<group>";
		};
		EFC99B87290685A10011632A /* PhotoFilterSelector */ = {
			isa = PBXGroup;
			children = (
				EFC99B88290685B20011632A /* PhotoFilterSelector.swift */,
				EFC99B8A29068A630011632A /* PhotoPicker.swift */,
			);
			path = PhotoFilterSelector;
			sourceTree = "<group>";
		};
		EFE6834529094DF100E86E27 /* NewsAPI */ = {
			isa = PBXGroup;
			children = (
				EFE6834E2909573300E86E27 /* View */,
				EFE6834929094EAA00E86E27 /* Network */,
				EFE6834629094E3600E86E27 /* Model */,
			);
			path = NewsAPI;
			sourceTree = "<group>";
		};
		EFE6834629094E3600E86E27 /* Model */ = {
			isa = PBXGroup;
			children = (
				EFE6834729094E4000E86E27 /* NewsModel.swift */,
			);
			path = Model;
			sourceTree = "<group>";
		};
		EFE6834929094EAA00E86E27 /* Network */ = {
			isa = PBXGroup;
			children = (
				EFE6834A29094F3E00E86E27 /* NewsAPI.swift */,
			);
			path = Network;
			sourceTree = "<group>";
		};
		EFE6834E2909573300E86E27 /* View */ = {
			isa = PBXGroup;
			children = (
				EFE6834F2909573F00E86E27 /* NewsViewController.swift */,
				EFE68351290957BF00E86E27 /* NewsCell.swift */,
			);
			path = View;
			sourceTree = "<group>";
		};
/* End PBXGroup section */

/* Begin PBXNativeTarget section */
		EF884AA62903B5730053370F /* RxSwiftApp */ = {
			isa = PBXNativeTarget;
			buildConfigurationList = EF884AD12903B5740053370F /* Build configuration list for PBXNativeTarget "RxSwiftApp" */;
			buildPhases = (
				C26AF2CCAB1E022AAB015BC8 /* [CP] Check Pods Manifest.lock */,
				EF884AA32903B5730053370F /* Sources */,
				EF884AA42903B5730053370F /* Frameworks */,
				EF884AA52903B5730053370F /* Resources */,
				1AE573919C97FB25661A5593 /* [CP] Embed Pods Frameworks */,
			);
			buildRules = (
			);
			dependencies = (
			);
			name = RxSwiftApp;
			productName = RxSwiftApp;
			productReference = EF884AA72903B5730053370F /* RxSwiftApp.app */;
			productType = "com.apple.product-type.application";
		};
		EF884ABC2903B5740053370F /* RxSwiftAppTests */ = {
			isa = PBXNativeTarget;
			buildConfigurationList = EF884AD42903B5740053370F /* Build configuration list for PBXNativeTarget "RxSwiftAppTests" */;
			buildPhases = (
				9291ADE4A31F7C5E9B716F6D /* [CP] Check Pods Manifest.lock */,
				EF884AB92903B5740053370F /* Sources */,
				EF884ABA2903B5740053370F /* Frameworks */,
				EF884ABB2903B5740053370F /* Resources */,
			);
			buildRules = (
			);
			dependencies = (
				EF884ABF2903B5740053370F /* PBXTargetDependency */,
			);
			name = RxSwiftAppTests;
			productName = RxSwiftAppTests;
			productReference = EF884ABD2903B5740053370F /* RxSwiftAppTests.xctest */;
			productType = "com.apple.product-type.bundle.unit-test";
		};
		EF884AC62903B5740053370F /* RxSwiftAppUITests */ = {
			isa = PBXNativeTarget;
			buildConfigurationList = EF884AD72903B5740053370F /* Build configuration list for PBXNativeTarget "RxSwiftAppUITests" */;
			buildPhases = (
				4743525EF66B9478E7C5105E /* [CP] Check Pods Manifest.lock */,
				EF884AC32903B5740053370F /* Sources */,
				EF884AC42903B5740053370F /* Frameworks */,
				EF884AC52903B5740053370F /* Resources */,
				4CC82EDAAE61AE1CB8070F8C /* [CP] Embed Pods Frameworks */,
			);
			buildRules = (
			);
			dependencies = (
				EF884AC92903B5740053370F /* PBXTargetDependency */,
			);
			name = RxSwiftAppUITests;
			productName = RxSwiftAppUITests;
			productReference = EF884AC72903B5740053370F /* RxSwiftAppUITests.xctest */;
			productType = "com.apple.product-type.bundle.ui-testing";
		};
/* End PBXNativeTarget section */

/* Begin PBXProject section */
		EF884A9F2903B5730053370F /* Project object */ = {
			isa = PBXProject;
			attributes = {
				BuildIndependentTargetsInParallel = 1;
				LastSwiftUpdateCheck = 1340;
				LastUpgradeCheck = 1340;
				TargetAttributes = {
					EF884AA62903B5730053370F = {
						CreatedOnToolsVersion = 13.4.1;
					};
					EF884ABC2903B5740053370F = {
						CreatedOnToolsVersion = 13.4.1;
						TestTargetID = EF884AA62903B5730053370F;
					};
					EF884AC62903B5740053370F = {
						CreatedOnToolsVersion = 13.4.1;
						TestTargetID = EF884AA62903B5730053370F;
					};
				};
			};
			buildConfigurationList = EF884AA22903B5730053370F /* Build configuration list for PBXProject "RxSwiftApp" */;
			compatibilityVersion = "Xcode 13.0";
			developmentRegion = en;
			hasScannedForEncodings = 0;
			knownRegions = (
				en,
				Base,
			);
			mainGroup = EF884A9E2903B5730053370F;
			productRefGroup = EF884AA82903B5730053370F /* Products */;
			projectDirPath = "";
			projectRoot = "";
			targets = (
				EF884AA62903B5730053370F /* RxSwiftApp */,
				EF884ABC2903B5740053370F /* RxSwiftAppTests */,
				EF884AC62903B5740053370F /* RxSwiftAppUITests */,
			);
		};
/* End PBXProject section */

/* Begin PBXResourcesBuildPhase section */
		EF884AA52903B5730053370F /* Resources */ = {
			isa = PBXResourcesBuildPhase;
			buildActionMask = 2147483647;
			files = (
				EFC99B7D290679680011632A /* Satoshi-Variable.ttf in Resources */,
				EFC99B6D290679680011632A /* Satoshi-Bold.otf in Resources */,
				EF884AB72903B5740053370F /* LaunchScreen.storyboard in Resources */,
				EFC99B7A290679680011632A /* Satoshi-Medium.otf in Resources */,
				EF884AB42903B5740053370F /* Assets.xcassets in Resources */,
				EFC99B73290679680011632A /* Gilroy-Bold.ttf in Resources */,
				EFC99B7C290679680011632A /* Gilroy-ExtraBold.otf in Resources */,
				EFC99B76290679680011632A /* Satoshi-LightItalic.otf in Resources */,
				EFC99B78290679680011632A /* Satoshi-BlackItalic.otf in Resources */,
				EFC99B71290679680011632A /* Satoshi-Black.otf in Resources */,
				EFC99B72290679680011632A /* Satoshi-Regular.otf in Resources */,
				EFC99B75290679680011632A /* Satoshi-Light.otf in Resources */,
				EFC99B74290679680011632A /* Satoshi-BoldItalic.otf in Resources */,
				EFC99B70290679680011632A /* PPCirka-Variable.ttf in Resources */,
				EFC99B7B290679680011632A /* Gilroy-Light.otf in Resources */,
				EFC99B6F290679680011632A /* PPCirka-Bold.otf in Resources */,
				EFC99B79290679680011632A /* Satoshi-MediumItalic.otf in Resources */,
				EFC99B77290679680011632A /* PPCirka-Light.otf in Resources */,
				EFC99B6E290679680011632A /* Satoshi-Italic.otf in Resources */,
			);
			runOnlyForDeploymentPostprocessing = 0;
		};
		EF884ABB2903B5740053370F /* Resources */ = {
			isa = PBXResourcesBuildPhase;
			buildActionMask = 2147483647;
			files = (
			);
			runOnlyForDeploymentPostprocessing = 0;
		};
		EF884AC52903B5740053370F /* Resources */ = {
			isa = PBXResourcesBuildPhase;
			buildActionMask = 2147483647;
			files = (
			);
			runOnlyForDeploymentPostprocessing = 0;
		};
/* End PBXResourcesBuildPhase section */

/* Begin PBXShellScriptBuildPhase section */
		1AE573919C97FB25661A5593 /* [CP] Embed Pods Frameworks */ = {
			isa = PBXShellScriptBuildPhase;
			buildActionMask = 2147483647;
			files = (
			);
			inputFileListPaths = (
				"${PODS_ROOT}/Target Support Files/Pods-RxSwiftApp/Pods-RxSwiftApp-frameworks-${CONFIGURATION}-input-files.xcfilelist",
			);
			name = "[CP] Embed Pods Frameworks";
			outputFileListPaths = (
				"${PODS_ROOT}/Target Support Files/Pods-RxSwiftApp/Pods-RxSwiftApp-frameworks-${CONFIGURATION}-output-files.xcfilelist",
			);
			runOnlyForDeploymentPostprocessing = 0;
			shellPath = /bin/sh;
			shellScript = "\"${PODS_ROOT}/Target Support Files/Pods-RxSwiftApp/Pods-RxSwiftApp-frameworks.sh\"\n";
			showEnvVarsInLog = 0;
		};
		4743525EF66B9478E7C5105E /* [CP] Check Pods Manifest.lock */ = {
			isa = PBXShellScriptBuildPhase;
			buildActionMask = 2147483647;
			files = (
			);
			inputFileListPaths = (
			);
			inputPaths = (
				"${PODS_PODFILE_DIR_PATH}/Podfile.lock",
				"${PODS_ROOT}/Manifest.lock",
			);
			name = "[CP] Check Pods Manifest.lock";
			outputFileListPaths = (
			);
			outputPaths = (
				"$(DERIVED_FILE_DIR)/Pods-RxSwiftApp-RxSwiftAppUITests-checkManifestLockResult.txt",
			);
			runOnlyForDeploymentPostprocessing = 0;
			shellPath = /bin/sh;
			shellScript = "diff \"${PODS_PODFILE_DIR_PATH}/Podfile.lock\" \"${PODS_ROOT}/Manifest.lock\" > /dev/null\nif [ $? != 0 ] ; then\n    # print error to STDERR\n    echo \"error: The sandbox is not in sync with the Podfile.lock. Run 'pod install' or update your CocoaPods installation.\" >&2\n    exit 1\nfi\n# This output is used by Xcode 'outputs' to avoid re-running this script phase.\necho \"SUCCESS\" > \"${SCRIPT_OUTPUT_FILE_0}\"\n";
			showEnvVarsInLog = 0;
		};
		4CC82EDAAE61AE1CB8070F8C /* [CP] Embed Pods Frameworks */ = {
			isa = PBXShellScriptBuildPhase;
			buildActionMask = 2147483647;
			files = (
			);
			inputFileListPaths = (
				"${PODS_ROOT}/Target Support Files/Pods-RxSwiftApp-RxSwiftAppUITests/Pods-RxSwiftApp-RxSwiftAppUITests-frameworks-${CONFIGURATION}-input-files.xcfilelist",
			);
			name = "[CP] Embed Pods Frameworks";
			outputFileListPaths = (
				"${PODS_ROOT}/Target Support Files/Pods-RxSwiftApp-RxSwiftAppUITests/Pods-RxSwiftApp-RxSwiftAppUITests-frameworks-${CONFIGURATION}-output-files.xcfilelist",
			);
			runOnlyForDeploymentPostprocessing = 0;
			shellPath = /bin/sh;
			shellScript = "\"${PODS_ROOT}/Target Support Files/Pods-RxSwiftApp-RxSwiftAppUITests/Pods-RxSwiftApp-RxSwiftAppUITests-frameworks.sh\"\n";
			showEnvVarsInLog = 0;
		};
		9291ADE4A31F7C5E9B716F6D /* [CP] Check Pods Manifest.lock */ = {
			isa = PBXShellScriptBuildPhase;
			buildActionMask = 2147483647;
			files = (
			);
			inputFileListPaths = (
			);
			inputPaths = (
				"${PODS_PODFILE_DIR_PATH}/Podfile.lock",
				"${PODS_ROOT}/Manifest.lock",
			);
			name = "[CP] Check Pods Manifest.lock";
			outputFileListPaths = (
			);
			outputPaths = (
				"$(DERIVED_FILE_DIR)/Pods-RxSwiftAppTests-checkManifestLockResult.txt",
			);
			runOnlyForDeploymentPostprocessing = 0;
			shellPath = /bin/sh;
			shellScript = "diff \"${PODS_PODFILE_DIR_PATH}/Podfile.lock\" \"${PODS_ROOT}/Manifest.lock\" > /dev/null\nif [ $? != 0 ] ; then\n    # print error to STDERR\n    echo \"error: The sandbox is not in sync with the Podfile.lock. Run 'pod install' or update your CocoaPods installation.\" >&2\n    exit 1\nfi\n# This output is used by Xcode 'outputs' to avoid re-running this script phase.\necho \"SUCCESS\" > \"${SCRIPT_OUTPUT_FILE_0}\"\n";
			showEnvVarsInLog = 0;
		};
		C26AF2CCAB1E022AAB015BC8 /* [CP] Check Pods Manifest.lock */ = {
			isa = PBXShellScriptBuildPhase;
			buildActionMask = 2147483647;
			files = (
			);
			inputFileListPaths = (
			);
			inputPaths = (
				"${PODS_PODFILE_DIR_PATH}/Podfile.lock",
				"${PODS_ROOT}/Manifest.lock",
			);
			name = "[CP] Check Pods Manifest.lock";
			outputFileListPaths = (
			);
			outputPaths = (
				"$(DERIVED_FILE_DIR)/Pods-RxSwiftApp-checkManifestLockResult.txt",
			);
			runOnlyForDeploymentPostprocessing = 0;
			shellPath = /bin/sh;
			shellScript = "diff \"${PODS_PODFILE_DIR_PATH}/Podfile.lock\" \"${PODS_ROOT}/Manifest.lock\" > /dev/null\nif [ $? != 0 ] ; then\n    # print error to STDERR\n    echo \"error: The sandbox is not in sync with the Podfile.lock. Run 'pod install' or update your CocoaPods installation.\" >&2\n    exit 1\nfi\n# This output is used by Xcode 'outputs' to avoid re-running this script phase.\necho \"SUCCESS\" > \"${SCRIPT_OUTPUT_FILE_0}\"\n";
			showEnvVarsInLog = 0;
		};
/* End PBXShellScriptBuildPhase section */

/* Begin PBXSourcesBuildPhase section */
		EF884AA32903B5730053370F /* Sources */ = {
			isa = PBXSourcesBuildPhase;
			buildActionMask = 2147483647;
			files = (
				EFC99B50290679680011632A /* UIEdgeInsets.swift in Sources */,
				EFC99B2F290679680011632A /* CollectionColumn.swift in Sources */,
				EFC99B42290679680011632A /* ViewHeirachy.swift in Sources */,
				EFC99B3C290679680011632A /* circlingBall.swift in Sources */,
				EFC99B1D290679680011632A /* Cache.swift in Sources */,
				EFC99B1C290679680011632A /* DataBindable.swift in Sources */,
				EFC99B44290679680011632A /* UIViewController.swift in Sources */,
				EFC99B48290679680011632A /* CustomFonts.swift in Sources */,
				EFC99B2A290679680011632A /* QRCodeBuilder.swift in Sources */,
				EFC99B26290679680011632A /* CircularProgressBar.swift in Sources */,
				EF9F702A290E5F8B00FAF5ED /* WeatherModel.swift in Sources */,
				EFC99B41290679680011632A /* UITableView.swift in Sources */,
				EF9F7023290E542100FAF5ED /* WeatherViewController.swift in Sources */,
				EFC99B4E290679680011632A /* Numeric.swift in Sources */,
				EFE6834B29094F3E00E86E27 /* NewsAPI.swift in Sources */,
				EFC99B3E290679680011632A /* UIWindow.swift in Sources */,
				EFC99B30290679680011632A /* Response.swift in Sources */,
				EF0589A8290C6E840076E3F4 /* TaskSegment.swift in Sources */,
				EFC99B3F290679680011632A /* UIView.swift in Sources */,
				EFC99B23290679680011632A /* SymbolImage.swift in Sources */,
				EFC99B43290679680011632A /* ViewStyling.swift in Sources */,
				EF4756D8290EE3C400A1BC09 /* TableRow.swift in Sources */,
				EFC99B31290679680011632A /* NetworkReqeust.swift in Sources */,
				EF9F7050290EC4A700FAF5ED /* RxDataSourceExample.swift in Sources */,
				EFC99B86290679B00011632A /* PresentationViewController.swift in Sources */,
				EFC99B1E290679680011632A /* SearchViewController.swift in Sources */,
				EFC99B46290679680011632A /* Views.swift in Sources */,
				EFC99B29290679680011632A /* ProgressBars.swift in Sources */,
				EFC99B2D290679680011632A /* CollectionViewFunctions.swift in Sources */,
				EF884ADF2903B6150053370F /* MainTabBar.swift in Sources */,
				EF884AAF2903B5730053370F /* ViewController.swift in Sources */,
				EF0589AC290C8D710076E3F4 /* TaskModel.swift in Sources */,
				EFC99B45290679680011632A /* UIImageView.swift in Sources */,
				EFE68352290957BF00E86E27 /* NewsCell.swift in Sources */,
				EFE6834D290951A100E86E27 /* NetworkLayer.swift in Sources */,
				EFC99B6A290679680011632A /* Helpers.swift in Sources */,
				EFC99B3D290679680011632A /* CuratedBackgroundShape.swift in Sources */,
				EFC99B3A290679680011632A /* ActiveBoosterCard.swift in Sources */,
				EFC99B27290679680011632A /* SphericalProgressBars.swift in Sources */,
				EF0589AA290C70910076E3F4 /* TaskView.swift in Sources */,
				EF4756DC290EE3C400A1BC09 /* CustomTableCell.swift in Sources */,
				EFC99B2B290679680011632A /* CollectionDataSource.swift in Sources */,
				EFC99B4F290679680011632A /* CGFloat.swift in Sources */,
				EFC99B25290679680011632A /* MultipleStrokeProgressBar.swift in Sources */,
				EFC99B4D290679680011632A /* CGPoint.swift in Sources */,
				EF4756DB290EE3C400A1BC09 /* CustomCollectionTableCell.swift in Sources */,
				EFC99B4C290679680011632A /* Int.swift in Sources */,
				EFC99B1F290679680011632A /* SearchBar.swift in Sources */,
				EF884AE02903B6150053370F /* MainTabViewControlller.swift in Sources */,
				EFC99B22290679680011632A /* ImageHeaderSubHeaderView.swift in Sources */,
				EFC99B3B290679680011632A /* CircularProgressShape.swift in Sources */,
				EF9F7028290E5EB600FAF5ED /* Endpoint.swift in Sources */,
				EF0589AE290CF41B0076E3F4 /* AddTaskManager.swift in Sources */,
				EFC99B28290679680011632A /* MutlipleStrokeCircularProgressBar.swift in Sources */,
				EF884AAB2903B5730053370F /* AppDelegate.swift in Sources */,
				EF884AAD2903B5730053370F /* SceneDelegate.swift in Sources */,
				EF7CBED0290F058400F9D611 /* TableSection.swift in Sources */,
				EFC99B2E290679680011632A /* CustomCollectionCell.swift in Sources */,
				EF9F7026290E5DF500FAF5ED /* WeatherAPI.swift in Sources */,
				EFC99B6C290679680011632A /* ColorBuilder.swift in Sources */,
				EFC99B20290679680011632A /* SentimentTextLabel.swift in Sources */,
				EF4756D9290EE3C400A1BC09 /* Configurable.swift in Sources */,
				EFC99B4B290679680011632A /* CGSize.swift in Sources */,
				EFC99B4A290679680011632A /* RenderableText.swift in Sources */,
				EFC99B40290679680011632A /* UIStackView.swift in Sources */,
				EFC99B6B290679680011632A /* SystemCatalogue.swift in Sources */,
				EFC99B89290685B20011632A /* PhotoFilterSelector.swift in Sources */,
				EFE6834829094E4000E86E27 /* NewsModel.swift in Sources */,
				EF4756DE290EE57000A1BC09 /* TableViewFunction.swift in Sources */,
				EFE683562909B97800E86E27 /* UIImageNetworkLayer.swift in Sources */,
				EFC99B8B29068A630011632A /* PhotoPicker.swift in Sources */,
				EFC99B47290679680011632A /* UILabel.swift in Sources */,
				EFC99B21290679680011632A /* GenericButtonWrapper.swift in Sources */,
				EFC99B32290679680011632A /* Animation.swift in Sources */,
				EFC99B49290679680011632A /* String.swift in Sources */,
				EFE683502909573F00E86E27 /* NewsViewController.swift in Sources */,
				EFC99B2C290679680011632A /* CollectionSection.swift in Sources */,
			);
			runOnlyForDeploymentPostprocessing = 0;
		};
		EF884AB92903B5740053370F /* Sources */ = {
			isa = PBXSourcesBuildPhase;
			buildActionMask = 2147483647;
			files = (
				EF884AC22903B5740053370F /* RxSwiftAppTests.swift in Sources */,
			);
			runOnlyForDeploymentPostprocessing = 0;
		};
		EF884AC32903B5740053370F /* Sources */ = {
			isa = PBXSourcesBuildPhase;
			buildActionMask = 2147483647;
			files = (
				EF884ACE2903B5740053370F /* RxSwiftAppUITestsLaunchTests.swift in Sources */,
				EF884ACC2903B5740053370F /* RxSwiftAppUITests.swift in Sources */,
			);
			runOnlyForDeploymentPostprocessing = 0;
		};
/* End PBXSourcesBuildPhase section */

/* Begin PBXTargetDependency section */
		EF884ABF2903B5740053370F /* PBXTargetDependency */ = {
			isa = PBXTargetDependency;
			target = EF884AA62903B5730053370F /* RxSwiftApp */;
			targetProxy = EF884ABE2903B5740053370F /* PBXContainerItemProxy */;
		};
		EF884AC92903B5740053370F /* PBXTargetDependency */ = {
			isa = PBXTargetDependency;
			target = EF884AA62903B5730053370F /* RxSwiftApp */;
			targetProxy = EF884AC82903B5740053370F /* PBXContainerItemProxy */;
		};
/* End PBXTargetDependency section */

/* Begin PBXVariantGroup section */
		EF884AB52903B5740053370F /* LaunchScreen.storyboard */ = {
			isa = PBXVariantGroup;
			children = (
				EF884AB62903B5740053370F /* Base */,
			);
			name = LaunchScreen.storyboard;
			sourceTree = "<group>";
		};
/* End PBXVariantGroup section */

/* Begin XCBuildConfiguration section */
		EF884ACF2903B5740053370F /* Debug */ = {
			isa = XCBuildConfiguration;
			buildSettings = {
				ALWAYS_SEARCH_USER_PATHS = NO;
				CLANG_ANALYZER_NONNULL = YES;
				CLANG_ANALYZER_NUMBER_OBJECT_CONVERSION = YES_AGGRESSIVE;
				CLANG_CXX_LANGUAGE_STANDARD = "gnu++17";
				CLANG_ENABLE_MODULES = YES;
				CLANG_ENABLE_OBJC_ARC = YES;
				CLANG_ENABLE_OBJC_WEAK = YES;
				CLANG_WARN_BLOCK_CAPTURE_AUTORELEASING = YES;
				CLANG_WARN_BOOL_CONVERSION = YES;
				CLANG_WARN_COMMA = YES;
				CLANG_WARN_CONSTANT_CONVERSION = YES;
				CLANG_WARN_DEPRECATED_OBJC_IMPLEMENTATIONS = YES;
				CLANG_WARN_DIRECT_OBJC_ISA_USAGE = YES_ERROR;
				CLANG_WARN_DOCUMENTATION_COMMENTS = YES;
				CLANG_WARN_EMPTY_BODY = YES;
				CLANG_WARN_ENUM_CONVERSION = YES;
				CLANG_WARN_INFINITE_RECURSION = YES;
				CLANG_WARN_INT_CONVERSION = YES;
				CLANG_WARN_NON_LITERAL_NULL_CONVERSION = YES;
				CLANG_WARN_OBJC_IMPLICIT_RETAIN_SELF = YES;
				CLANG_WARN_OBJC_LITERAL_CONVERSION = YES;
				CLANG_WARN_OBJC_ROOT_CLASS = YES_ERROR;
				CLANG_WARN_QUOTED_INCLUDE_IN_FRAMEWORK_HEADER = YES;
				CLANG_WARN_RANGE_LOOP_ANALYSIS = YES;
				CLANG_WARN_STRICT_PROTOTYPES = YES;
				CLANG_WARN_SUSPICIOUS_MOVE = YES;
				CLANG_WARN_UNGUARDED_AVAILABILITY = YES_AGGRESSIVE;
				CLANG_WARN_UNREACHABLE_CODE = YES;
				CLANG_WARN__DUPLICATE_METHOD_MATCH = YES;
				COPY_PHASE_STRIP = NO;
				DEBUG_INFORMATION_FORMAT = dwarf;
				ENABLE_STRICT_OBJC_MSGSEND = YES;
				ENABLE_TESTABILITY = YES;
				GCC_C_LANGUAGE_STANDARD = gnu11;
				GCC_DYNAMIC_NO_PIC = NO;
				GCC_NO_COMMON_BLOCKS = YES;
				GCC_OPTIMIZATION_LEVEL = 0;
				GCC_PREPROCESSOR_DEFINITIONS = (
					"DEBUG=1",
					"$(inherited)",
				);
				GCC_WARN_64_TO_32_BIT_CONVERSION = YES;
				GCC_WARN_ABOUT_RETURN_TYPE = YES_ERROR;
				GCC_WARN_UNDECLARED_SELECTOR = YES;
				GCC_WARN_UNINITIALIZED_AUTOS = YES_AGGRESSIVE;
				GCC_WARN_UNUSED_FUNCTION = YES;
				GCC_WARN_UNUSED_VARIABLE = YES;
				IPHONEOS_DEPLOYMENT_TARGET = 15.5;
				MTL_ENABLE_DEBUG_INFO = INCLUDE_SOURCE;
				MTL_FAST_MATH = YES;
				ONLY_ACTIVE_ARCH = YES;
				SDKROOT = iphoneos;
				SWIFT_ACTIVE_COMPILATION_CONDITIONS = DEBUG;
				SWIFT_OPTIMIZATION_LEVEL = "-Onone";
			};
			name = Debug;
		};
		EF884AD02903B5740053370F /* Release */ = {
			isa = XCBuildConfiguration;
			buildSettings = {
				ALWAYS_SEARCH_USER_PATHS = NO;
				CLANG_ANALYZER_NONNULL = YES;
				CLANG_ANALYZER_NUMBER_OBJECT_CONVERSION = YES_AGGRESSIVE;
				CLANG_CXX_LANGUAGE_STANDARD = "gnu++17";
				CLANG_ENABLE_MODULES = YES;
				CLANG_ENABLE_OBJC_ARC = YES;
				CLANG_ENABLE_OBJC_WEAK = YES;
				CLANG_WARN_BLOCK_CAPTURE_AUTORELEASING = YES;
				CLANG_WARN_BOOL_CONVERSION = YES;
				CLANG_WARN_COMMA = YES;
				CLANG_WARN_CONSTANT_CONVERSION = YES;
				CLANG_WARN_DEPRECATED_OBJC_IMPLEMENTATIONS = YES;
				CLANG_WARN_DIRECT_OBJC_ISA_USAGE = YES_ERROR;
				CLANG_WARN_DOCUMENTATION_COMMENTS = YES;
				CLANG_WARN_EMPTY_BODY = YES;
				CLANG_WARN_ENUM_CONVERSION = YES;
				CLANG_WARN_INFINITE_RECURSION = YES;
				CLANG_WARN_INT_CONVERSION = YES;
				CLANG_WARN_NON_LITERAL_NULL_CONVERSION = YES;
				CLANG_WARN_OBJC_IMPLICIT_RETAIN_SELF = YES;
				CLANG_WARN_OBJC_LITERAL_CONVERSION = YES;
				CLANG_WARN_OBJC_ROOT_CLASS = YES_ERROR;
				CLANG_WARN_QUOTED_INCLUDE_IN_FRAMEWORK_HEADER = YES;
				CLANG_WARN_RANGE_LOOP_ANALYSIS = YES;
				CLANG_WARN_STRICT_PROTOTYPES = YES;
				CLANG_WARN_SUSPICIOUS_MOVE = YES;
				CLANG_WARN_UNGUARDED_AVAILABILITY = YES_AGGRESSIVE;
				CLANG_WARN_UNREACHABLE_CODE = YES;
				CLANG_WARN__DUPLICATE_METHOD_MATCH = YES;
				COPY_PHASE_STRIP = NO;
				DEBUG_INFORMATION_FORMAT = "dwarf-with-dsym";
				ENABLE_NS_ASSERTIONS = NO;
				ENABLE_STRICT_OBJC_MSGSEND = YES;
				GCC_C_LANGUAGE_STANDARD = gnu11;
				GCC_NO_COMMON_BLOCKS = YES;
				GCC_WARN_64_TO_32_BIT_CONVERSION = YES;
				GCC_WARN_ABOUT_RETURN_TYPE = YES_ERROR;
				GCC_WARN_UNDECLARED_SELECTOR = YES;
				GCC_WARN_UNINITIALIZED_AUTOS = YES_AGGRESSIVE;
				GCC_WARN_UNUSED_FUNCTION = YES;
				GCC_WARN_UNUSED_VARIABLE = YES;
				IPHONEOS_DEPLOYMENT_TARGET = 15.5;
				MTL_ENABLE_DEBUG_INFO = NO;
				MTL_FAST_MATH = YES;
				SDKROOT = iphoneos;
				SWIFT_COMPILATION_MODE = wholemodule;
				SWIFT_OPTIMIZATION_LEVEL = "-O";
				VALIDATE_PRODUCT = YES;
			};
			name = Release;
		};
		EF884AD22903B5740053370F /* Debug */ = {
			isa = XCBuildConfiguration;
			baseConfigurationReference = 13B3ECD4F736F90420F3C939 /* Pods-RxSwiftApp.debug.xcconfig */;
			buildSettings = {
				ASSETCATALOG_COMPILER_APPICON_NAME = AppIcon;
				ASSETCATALOG_COMPILER_GLOBAL_ACCENT_COLOR_NAME = AccentColor;
				CODE_SIGN_STYLE = Automatic;
				CURRENT_PROJECT_VERSION = 1;
				DEVELOPMENT_TEAM = 8T963ZW2EJ;
				GENERATE_INFOPLIST_FILE = YES;
				INFOPLIST_FILE = RxSwiftApp/Info.plist;
				INFOPLIST_KEY_UIApplicationSupportsIndirectInputEvents = YES;
				INFOPLIST_KEY_UILaunchStoryboardName = LaunchScreen;
				INFOPLIST_KEY_UISupportedInterfaceOrientations_iPad = "UIInterfaceOrientationPortrait UIInterfaceOrientationPortraitUpsideDown UIInterfaceOrientationLandscapeLeft UIInterfaceOrientationLandscapeRight";
				INFOPLIST_KEY_UISupportedInterfaceOrientations_iPhone = "UIInterfaceOrientationPortrait UIInterfaceOrientationLandscapeLeft UIInterfaceOrientationLandscapeRight";
				LD_RUNPATH_SEARCH_PATHS = (
					"$(inherited)",
					"@executable_path/Frameworks",
				);
				MARKETING_VERSION = 1.0;
				PRODUCT_BUNDLE_IDENTIFIER = com.Krish.RxSwiftApp;
				PRODUCT_NAME = "$(TARGET_NAME)";
				SWIFT_EMIT_LOC_STRINGS = YES;
				SWIFT_VERSION = 5.0;
				TARGETED_DEVICE_FAMILY = "1,2";
			};
			name = Debug;
		};
		EF884AD32903B5740053370F /* Release */ = {
			isa = XCBuildConfiguration;
			baseConfigurationReference = D3CBB4A847400570919947BA /* Pods-RxSwiftApp.release.xcconfig */;
			buildSettings = {
				ASSETCATALOG_COMPILER_APPICON_NAME = AppIcon;
				ASSETCATALOG_COMPILER_GLOBAL_ACCENT_COLOR_NAME = AccentColor;
				CODE_SIGN_STYLE = Automatic;
				CURRENT_PROJECT_VERSION = 1;
				DEVELOPMENT_TEAM = 8T963ZW2EJ;
				GENERATE_INFOPLIST_FILE = YES;
				INFOPLIST_FILE = RxSwiftApp/Info.plist;
				INFOPLIST_KEY_UIApplicationSupportsIndirectInputEvents = YES;
				INFOPLIST_KEY_UILaunchStoryboardName = LaunchScreen;
				INFOPLIST_KEY_UISupportedInterfaceOrientations_iPad = "UIInterfaceOrientationPortrait UIInterfaceOrientationPortraitUpsideDown UIInterfaceOrientationLandscapeLeft UIInterfaceOrientationLandscapeRight";
				INFOPLIST_KEY_UISupportedInterfaceOrientations_iPhone = "UIInterfaceOrientationPortrait UIInterfaceOrientationLandscapeLeft UIInterfaceOrientationLandscapeRight";
				LD_RUNPATH_SEARCH_PATHS = (
					"$(inherited)",
					"@executable_path/Frameworks",
				);
				MARKETING_VERSION = 1.0;
				PRODUCT_BUNDLE_IDENTIFIER = com.Krish.RxSwiftApp;
				PRODUCT_NAME = "$(TARGET_NAME)";
				SWIFT_EMIT_LOC_STRINGS = YES;
				SWIFT_VERSION = 5.0;
				TARGETED_DEVICE_FAMILY = "1,2";
			};
			name = Release;
		};
		EF884AD52903B5740053370F /* Debug */ = {
			isa = XCBuildConfiguration;
			baseConfigurationReference = 6FE1E4E9A9F461769C55C5A8 /* Pods-RxSwiftAppTests.debug.xcconfig */;
			buildSettings = {
				ALWAYS_EMBED_SWIFT_STANDARD_LIBRARIES = YES;
				BUNDLE_LOADER = "$(TEST_HOST)";
				CODE_SIGN_STYLE = Automatic;
				CURRENT_PROJECT_VERSION = 1;
				DEVELOPMENT_TEAM = 8T963ZW2EJ;
				GENERATE_INFOPLIST_FILE = YES;
				IPHONEOS_DEPLOYMENT_TARGET = 15.5;
				MARKETING_VERSION = 1.0;
				PRODUCT_BUNDLE_IDENTIFIER = com.Krish.RxSwiftAppTests;
				PRODUCT_NAME = "$(TARGET_NAME)";
				SWIFT_EMIT_LOC_STRINGS = NO;
				SWIFT_VERSION = 5.0;
				TARGETED_DEVICE_FAMILY = "1,2";
				TEST_HOST = "$(BUILT_PRODUCTS_DIR)/RxSwiftApp.app/RxSwiftApp";
			};
			name = Debug;
		};
		EF884AD62903B5740053370F /* Release */ = {
			isa = XCBuildConfiguration;
			baseConfigurationReference = A8047AE94440991B5E6A0C72 /* Pods-RxSwiftAppTests.release.xcconfig */;
			buildSettings = {
				ALWAYS_EMBED_SWIFT_STANDARD_LIBRARIES = YES;
				BUNDLE_LOADER = "$(TEST_HOST)";
				CODE_SIGN_STYLE = Automatic;
				CURRENT_PROJECT_VERSION = 1;
				DEVELOPMENT_TEAM = 8T963ZW2EJ;
				GENERATE_INFOPLIST_FILE = YES;
				IPHONEOS_DEPLOYMENT_TARGET = 15.5;
				MARKETING_VERSION = 1.0;
				PRODUCT_BUNDLE_IDENTIFIER = com.Krish.RxSwiftAppTests;
				PRODUCT_NAME = "$(TARGET_NAME)";
				SWIFT_EMIT_LOC_STRINGS = NO;
				SWIFT_VERSION = 5.0;
				TARGETED_DEVICE_FAMILY = "1,2";
				TEST_HOST = "$(BUILT_PRODUCTS_DIR)/RxSwiftApp.app/RxSwiftApp";
			};
			name = Release;
		};
		EF884AD82903B5740053370F /* Debug */ = {
			isa = XCBuildConfiguration;
			baseConfigurationReference = 2AFBAC5A6CE4B31BA55F90BD /* Pods-RxSwiftApp-RxSwiftAppUITests.debug.xcconfig */;
			buildSettings = {
				ALWAYS_EMBED_SWIFT_STANDARD_LIBRARIES = YES;
				CODE_SIGN_STYLE = Automatic;
				CURRENT_PROJECT_VERSION = 1;
				DEVELOPMENT_TEAM = 8T963ZW2EJ;
				GENERATE_INFOPLIST_FILE = YES;
				MARKETING_VERSION = 1.0;
				PRODUCT_BUNDLE_IDENTIFIER = com.Krish.RxSwiftAppUITests;
				PRODUCT_NAME = "$(TARGET_NAME)";
				SWIFT_EMIT_LOC_STRINGS = NO;
				SWIFT_VERSION = 5.0;
				TARGETED_DEVICE_FAMILY = "1,2";
				TEST_TARGET_NAME = RxSwiftApp;
			};
			name = Debug;
		};
		EF884AD92903B5740053370F /* Release */ = {
			isa = XCBuildConfiguration;
			baseConfigurationReference = EB2EBC0730D564CE72388DA2 /* Pods-RxSwiftApp-RxSwiftAppUITests.release.xcconfig */;
			buildSettings = {
				ALWAYS_EMBED_SWIFT_STANDARD_LIBRARIES = YES;
				CODE_SIGN_STYLE = Automatic;
				CURRENT_PROJECT_VERSION = 1;
				DEVELOPMENT_TEAM = 8T963ZW2EJ;
				GENERATE_INFOPLIST_FILE = YES;
				MARKETING_VERSION = 1.0;
				PRODUCT_BUNDLE_IDENTIFIER = com.Krish.RxSwiftAppUITests;
				PRODUCT_NAME = "$(TARGET_NAME)";
				SWIFT_EMIT_LOC_STRINGS = NO;
				SWIFT_VERSION = 5.0;
				TARGETED_DEVICE_FAMILY = "1,2";
				TEST_TARGET_NAME = RxSwiftApp;
			};
			name = Release;
		};
/* End XCBuildConfiguration section */

/* Begin XCConfigurationList section */
		EF884AA22903B5730053370F /* Build configuration list for PBXProject "RxSwiftApp" */ = {
			isa = XCConfigurationList;
			buildConfigurations = (
				EF884ACF2903B5740053370F /* Debug */,
				EF884AD02903B5740053370F /* Release */,
			);
			defaultConfigurationIsVisible = 0;
			defaultConfigurationName = Release;
		};
		EF884AD12903B5740053370F /* Build configuration list for PBXNativeTarget "RxSwiftApp" */ = {
			isa = XCConfigurationList;
			buildConfigurations = (
				EF884AD22903B5740053370F /* Debug */,
				EF884AD32903B5740053370F /* Release */,
			);
			defaultConfigurationIsVisible = 0;
			defaultConfigurationName = Release;
		};
		EF884AD42903B5740053370F /* Build configuration list for PBXNativeTarget "RxSwiftAppTests" */ = {
			isa = XCConfigurationList;
			buildConfigurations = (
				EF884AD52903B5740053370F /* Debug */,
				EF884AD62903B5740053370F /* Release */,
			);
			defaultConfigurationIsVisible = 0;
			defaultConfigurationName = Release;
		};
		EF884AD72903B5740053370F /* Build configuration list for PBXNativeTarget "RxSwiftAppUITests" */ = {
			isa = XCConfigurationList;
			buildConfigurations = (
				EF884AD82903B5740053370F /* Debug */,
				EF884AD92903B5740053370F /* Release */,
			);
			defaultConfigurationIsVisible = 0;
			defaultConfigurationName = Release;
		};
/* End XCConfigurationList section */
	};
	rootObject = EF884A9F2903B5730053370F /* Project object */;
}
